// !$*UTF8*$!
{
	archiveVersion = 1;
	classes = {
	};
	objectVersion = 55;
	objects = {

/* Begin PBXBuildFile section */
		2A4129F4297F0DEC00E33979 /* AppDelegate.swift in Sources */ = {isa = PBXBuildFile; fileRef = 2A4129F3297F0DEC00E33979 /* AppDelegate.swift */; };
		2A4129F6297F0DEC00E33979 /* SceneDelegate.swift in Sources */ = {isa = PBXBuildFile; fileRef = 2A4129F5297F0DEC00E33979 /* SceneDelegate.swift */; };
		2A4129F8297F0DEC00E33979 /* ViewController.swift in Sources */ = {isa = PBXBuildFile; fileRef = 2A4129F7297F0DEC00E33979 /* ViewController.swift */; };
		2A4129FB297F0DEC00E33979 /* Main.storyboard in Resources */ = {isa = PBXBuildFile; fileRef = 2A4129F9297F0DEC00E33979 /* Main.storyboard */; };
		2A4129FD297F0DEE00E33979 /* Assets.xcassets in Resources */ = {isa = PBXBuildFile; fileRef = 2A4129FC297F0DEE00E33979 /* Assets.xcassets */; };
		2A412A00297F0DEE00E33979 /* LaunchScreen.storyboard in Resources */ = {isa = PBXBuildFile; fileRef = 2A4129FE297F0DEE00E33979 /* LaunchScreen.storyboard */; };
		2A412A0B297F0DEE00E33979 /* BeardGramTests.swift in Sources */ = {isa = PBXBuildFile; fileRef = 2A412A0A297F0DEE00E33979 /* BeardGramTests.swift */; };
		2A412A15297F0DEE00E33979 /* BeardGramUITests.swift in Sources */ = {isa = PBXBuildFile; fileRef = 2A412A14297F0DEE00E33979 /* BeardGramUITests.swift */; };
		2A412A17297F0DEE00E33979 /* BeardGramUITestsLaunchTests.swift in Sources */ = {isa = PBXBuildFile; fileRef = 2A412A16297F0DEE00E33979 /* BeardGramUITestsLaunchTests.swift */; };
		2A412A26297F1B2500E33979 /* WellcomeVC.swift in Sources */ = {isa = PBXBuildFile; fileRef = 2A412A25297F1B2500E33979 /* WellcomeVC.swift */; };
		2A412A28297F245100E33979 /* HomeVC.swift in Sources */ = {isa = PBXBuildFile; fileRef = 2A412A27297F245100E33979 /* HomeVC.swift */; };
		2A412A2A297F294C00E33979 /* SignUpVC.swift in Sources */ = {isa = PBXBuildFile; fileRef = 2A412A29297F294C00E33979 /* SignUpVC.swift */; };
		2A412A67297F370200E33979 /* BaseAuthentication.swift in Sources */ = {isa = PBXBuildFile; fileRef = 2A412A66297F370200E33979 /* BaseAuthentication.swift */; };
		2A412A69297F370E00E33979 /* Authentication.swift in Sources */ = {isa = PBXBuildFile; fileRef = 2A412A68297F370E00E33979 /* Authentication.swift */; };
		2A412A6B297F371A00E33979 /* Filestorage.swift in Sources */ = {isa = PBXBuildFile; fileRef = 2A412A6A297F371A00E33979 /* Filestorage.swift */; };
		2A412A6E297F39A200E33979 /* EmailTextField.swift in Sources */ = {isa = PBXBuildFile; fileRef = 2A412A6D297F39A200E33979 /* EmailTextField.swift */; };
		2A412A70297F3A4100E33979 /* PasswordTextField.swift in Sources */ = {isa = PBXBuildFile; fileRef = 2A412A6F297F3A4100E33979 /* PasswordTextField.swift */; };
		2A412A72297F3A6300E33979 /* NameTextField.swift in Sources */ = {isa = PBXBuildFile; fileRef = 2A412A71297F3A6300E33979 /* NameTextField.swift */; };
		6DFD0B8D2981EC880043A50B /* GoogleService-Info.plist in Resources */ = {isa = PBXBuildFile; fileRef = 6DFD0B8C2981EC880043A50B /* GoogleService-Info.plist */; };
		B145D7E890E40841E74EC044 /* Pods_BeardGram.framework in Frameworks */ = {isa = PBXBuildFile; fileRef = 9C4E8DB41D40C99C571A22B9 /* Pods_BeardGram.framework */; };
		ED15B9612D3FEACF3E8B423D /* Pods_BeardGram_BeardGramUITests.framework in Frameworks */ = {isa = PBXBuildFile; fileRef = 04725EAE9C236AC60C5583EE /* Pods_BeardGram_BeardGramUITests.framework */; };
		F8A198F5595CCE86CC8C9880 /* Pods_BeardGramTests.framework in Frameworks */ = {isa = PBXBuildFile; fileRef = AB98F2D7FA19B378AB6A133E /* Pods_BeardGramTests.framework */; };
/* End PBXBuildFile section */

/* Begin PBXContainerItemProxy section */
		2A412A07297F0DEE00E33979 /* PBXContainerItemProxy */ = {
			isa = PBXContainerItemProxy;
			containerPortal = 2A4129E8297F0DEC00E33979 /* Project object */;
			proxyType = 1;
			remoteGlobalIDString = 2A4129EF297F0DEC00E33979;
			remoteInfo = BeardGram;
		};
		2A412A11297F0DEE00E33979 /* PBXContainerItemProxy */ = {
			isa = PBXContainerItemProxy;
			containerPortal = 2A4129E8297F0DEC00E33979 /* Project object */;
			proxyType = 1;
			remoteGlobalIDString = 2A4129EF297F0DEC00E33979;
			remoteInfo = BeardGram;
		};
/* End PBXContainerItemProxy section */

/* Begin PBXFileReference section */
		04725EAE9C236AC60C5583EE /* Pods_BeardGram_BeardGramUITests.framework */ = {isa = PBXFileReference; explicitFileType = wrapper.framework; includeInIndex = 0; path = Pods_BeardGram_BeardGramUITests.framework; sourceTree = BUILT_PRODUCTS_DIR; };
		2A4129F0297F0DEC00E33979 /* BeardGram.app */ = {isa = PBXFileReference; explicitFileType = wrapper.application; includeInIndex = 0; path = BeardGram.app; sourceTree = BUILT_PRODUCTS_DIR; };
		2A4129F3297F0DEC00E33979 /* AppDelegate.swift */ = {isa = PBXFileReference; lastKnownFileType = sourcecode.swift; path = AppDelegate.swift; sourceTree = "<group>"; };
		2A4129F5297F0DEC00E33979 /* SceneDelegate.swift */ = {isa = PBXFileReference; lastKnownFileType = sourcecode.swift; path = SceneDelegate.swift; sourceTree = "<group>"; };
		2A4129F7297F0DEC00E33979 /* ViewController.swift */ = {isa = PBXFileReference; lastKnownFileType = sourcecode.swift; path = ViewController.swift; sourceTree = "<group>"; };
		2A4129FA297F0DEC00E33979 /* Base */ = {isa = PBXFileReference; lastKnownFileType = file.storyboard; name = Base; path = Base.lproj/Main.storyboard; sourceTree = "<group>"; };
		2A4129FC297F0DEE00E33979 /* Assets.xcassets */ = {isa = PBXFileReference; lastKnownFileType = folder.assetcatalog; path = Assets.xcassets; sourceTree = "<group>"; };
		2A4129FF297F0DEE00E33979 /* Base */ = {isa = PBXFileReference; lastKnownFileType = file.storyboard; name = Base; path = Base.lproj/LaunchScreen.storyboard; sourceTree = "<group>"; };
		2A412A01297F0DEE00E33979 /* Info.plist */ = {isa = PBXFileReference; lastKnownFileType = text.plist.xml; path = Info.plist; sourceTree = "<group>"; };
		2A412A06297F0DEE00E33979 /* BeardGramTests.xctest */ = {isa = PBXFileReference; explicitFileType = wrapper.cfbundle; includeInIndex = 0; path = BeardGramTests.xctest; sourceTree = BUILT_PRODUCTS_DIR; };
		2A412A0A297F0DEE00E33979 /* BeardGramTests.swift */ = {isa = PBXFileReference; lastKnownFileType = sourcecode.swift; path = BeardGramTests.swift; sourceTree = "<group>"; };
		2A412A10297F0DEE00E33979 /* BeardGramUITests.xctest */ = {isa = PBXFileReference; explicitFileType = wrapper.cfbundle; includeInIndex = 0; path = BeardGramUITests.xctest; sourceTree = BUILT_PRODUCTS_DIR; };
		2A412A14297F0DEE00E33979 /* BeardGramUITests.swift */ = {isa = PBXFileReference; lastKnownFileType = sourcecode.swift; path = BeardGramUITests.swift; sourceTree = "<group>"; };
		2A412A16297F0DEE00E33979 /* BeardGramUITestsLaunchTests.swift */ = {isa = PBXFileReference; lastKnownFileType = sourcecode.swift; path = BeardGramUITestsLaunchTests.swift; sourceTree = "<group>"; };
		2A412A25297F1B2500E33979 /* WellcomeVC.swift */ = {isa = PBXFileReference; lastKnownFileType = sourcecode.swift; path = WellcomeVC.swift; sourceTree = "<group>"; };
		2A412A27297F245100E33979 /* HomeVC.swift */ = {isa = PBXFileReference; lastKnownFileType = sourcecode.swift; path = HomeVC.swift; sourceTree = "<group>"; };
		2A412A29297F294C00E33979 /* SignUpVC.swift */ = {isa = PBXFileReference; lastKnownFileType = sourcecode.swift; path = SignUpVC.swift; sourceTree = "<group>"; };
		2A412A66297F370200E33979 /* BaseAuthentication.swift */ = {isa = PBXFileReference; lastKnownFileType = sourcecode.swift; path = BaseAuthentication.swift; sourceTree = "<group>"; };
		2A412A68297F370E00E33979 /* Authentication.swift */ = {isa = PBXFileReference; lastKnownFileType = sourcecode.swift; path = Authentication.swift; sourceTree = "<group>"; };
		2A412A6A297F371A00E33979 /* Filestorage.swift */ = {isa = PBXFileReference; lastKnownFileType = sourcecode.swift; path = Filestorage.swift; sourceTree = "<group>"; };
		2A412A6D297F39A200E33979 /* EmailTextField.swift */ = {isa = PBXFileReference; lastKnownFileType = sourcecode.swift; path = EmailTextField.swift; sourceTree = "<group>"; };
		2A412A6F297F3A4100E33979 /* PasswordTextField.swift */ = {isa = PBXFileReference; lastKnownFileType = sourcecode.swift; path = PasswordTextField.swift; sourceTree = "<group>"; };
		2A412A71297F3A6300E33979 /* NameTextField.swift */ = {isa = PBXFileReference; lastKnownFileType = sourcecode.swift; path = NameTextField.swift; sourceTree = "<group>"; };
		2D2B30F9709BA5885D9DB335 /* Pods-BeardGram-BeardGramUITests.release.xcconfig */ = {isa = PBXFileReference; includeInIndex = 1; lastKnownFileType = text.xcconfig; name = "Pods-BeardGram-BeardGramUITests.release.xcconfig"; path = "Target Support Files/Pods-BeardGram-BeardGramUITests/Pods-BeardGram-BeardGramUITests.release.xcconfig"; sourceTree = "<group>"; };
		6DFD0B89298158E30043A50B /* Debug.xcconfig */ = {isa = PBXFileReference; lastKnownFileType = text.xcconfig; path = Debug.xcconfig; sourceTree = "<group>"; };
		6DFD0B8A298158EE0043A50B /* Release.xcconfig */ = {isa = PBXFileReference; lastKnownFileType = text.xcconfig; path = Release.xcconfig; sourceTree = "<group>"; };
		6DFD0B8C2981EC880043A50B /* GoogleService-Info.plist */ = {isa = PBXFileReference; fileEncoding = 4; lastKnownFileType = text.plist.xml; path = "GoogleService-Info.plist"; sourceTree = "<group>"; };
		8272B55BB85FAA50C1AA89BA /* Pods-BeardGramTests.release.xcconfig */ = {isa = PBXFileReference; includeInIndex = 1; lastKnownFileType = text.xcconfig; name = "Pods-BeardGramTests.release.xcconfig"; path = "Target Support Files/Pods-BeardGramTests/Pods-BeardGramTests.release.xcconfig"; sourceTree = "<group>"; };
		953948C31551E5C07264A44D /* Pods-BeardGramTests.debug.xcconfig */ = {isa = PBXFileReference; includeInIndex = 1; lastKnownFileType = text.xcconfig; name = "Pods-BeardGramTests.debug.xcconfig"; path = "Target Support Files/Pods-BeardGramTests/Pods-BeardGramTests.debug.xcconfig"; sourceTree = "<group>"; };
		9C4E8DB41D40C99C571A22B9 /* Pods_BeardGram.framework */ = {isa = PBXFileReference; explicitFileType = wrapper.framework; includeInIndex = 0; path = Pods_BeardGram.framework; sourceTree = BUILT_PRODUCTS_DIR; };
		AB98F2D7FA19B378AB6A133E /* Pods_BeardGramTests.framework */ = {isa = PBXFileReference; explicitFileType = wrapper.framework; includeInIndex = 0; path = Pods_BeardGramTests.framework; sourceTree = BUILT_PRODUCTS_DIR; };
		CBC656FEC7755CD9243F29FB /* Pods-BeardGram.debug.xcconfig */ = {isa = PBXFileReference; includeInIndex = 1; lastKnownFileType = text.xcconfig; name = "Pods-BeardGram.debug.xcconfig"; path = "Target Support Files/Pods-BeardGram/Pods-BeardGram.debug.xcconfig"; sourceTree = "<group>"; };
		F863BD49A494DF00EE652EC8 /* Pods-BeardGram.release.xcconfig */ = {isa = PBXFileReference; includeInIndex = 1; lastKnownFileType = text.xcconfig; name = "Pods-BeardGram.release.xcconfig"; path = "Target Support Files/Pods-BeardGram/Pods-BeardGram.release.xcconfig"; sourceTree = "<group>"; };
		FC494E1EDF70E803C66EB8BF /* Pods-BeardGram-BeardGramUITests.debug.xcconfig */ = {isa = PBXFileReference; includeInIndex = 1; lastKnownFileType = text.xcconfig; name = "Pods-BeardGram-BeardGramUITests.debug.xcconfig"; path = "Target Support Files/Pods-BeardGram-BeardGramUITests/Pods-BeardGram-BeardGramUITests.debug.xcconfig"; sourceTree = "<group>"; };
/* End PBXFileReference section */

/* Begin PBXFrameworksBuildPhase section */
		2A4129ED297F0DEC00E33979 /* Frameworks */ = {
			isa = PBXFrameworksBuildPhase;
			buildActionMask = 2147483647;
			files = (
				B145D7E890E40841E74EC044 /* Pods_BeardGram.framework in Frameworks */,
			);
			runOnlyForDeploymentPostprocessing = 0;
		};
		2A412A03297F0DEE00E33979 /* Frameworks */ = {
			isa = PBXFrameworksBuildPhase;
			buildActionMask = 2147483647;
			files = (
				F8A198F5595CCE86CC8C9880 /* Pods_BeardGramTests.framework in Frameworks */,
			);
			runOnlyForDeploymentPostprocessing = 0;
		};
		2A412A0D297F0DEE00E33979 /* Frameworks */ = {
			isa = PBXFrameworksBuildPhase;
			buildActionMask = 2147483647;
			files = (
				ED15B9612D3FEACF3E8B423D /* Pods_BeardGram_BeardGramUITests.framework in Frameworks */,
			);
			runOnlyForDeploymentPostprocessing = 0;
		};
/* End PBXFrameworksBuildPhase section */

/* Begin PBXGroup section */
		2A4129E7297F0DEC00E33979 = {
			isa = PBXGroup;
			children = (
				6DFD0B88298158C30043A50B /* Configs */,
				2A4129F2297F0DEC00E33979 /* BeardGram */,
				2A412A09297F0DEE00E33979 /* BeardGramTests */,
				2A412A13297F0DEE00E33979 /* BeardGramUITests */,
				2A4129F1297F0DEC00E33979 /* Products */,
				4430FAEEB08063B4AF5372E4 /* Pods */,
				8545145C475D8EA7A4F08161 /* Frameworks */,
			);
			sourceTree = "<group>";
		};
		2A4129F1297F0DEC00E33979 /* Products */ = {
			isa = PBXGroup;
			children = (
				2A4129F0297F0DEC00E33979 /* BeardGram.app */,
				2A412A06297F0DEE00E33979 /* BeardGramTests.xctest */,
				2A412A10297F0DEE00E33979 /* BeardGramUITests.xctest */,
			);
			name = Products;
			sourceTree = "<group>";
		};
		2A4129F2297F0DEC00E33979 /* BeardGram */ = {
			isa = PBXGroup;
			children = (
				2A412A6C297F398800E33979 /* Fields */,
				2A412A65297F36E200E33979 /* Common */,
				2A412A64297F36CE00E33979 /* Services */,
				2A412A24297F107200E33979 /* VC */,
				2A412A23297F106300E33979 /* Screens */,
				2A4129F3297F0DEC00E33979 /* AppDelegate.swift */,
				2A4129F5297F0DEC00E33979 /* SceneDelegate.swift */,
				2A4129FC297F0DEE00E33979 /* Assets.xcassets */,
				2A4129FE297F0DEE00E33979 /* LaunchScreen.storyboard */,
				2A412A01297F0DEE00E33979 /* Info.plist */,
				6DFD0B8C2981EC880043A50B /* GoogleService-Info.plist */,
			);
			path = BeardGram;
			sourceTree = "<group>";
		};
		2A412A09297F0DEE00E33979 /* BeardGramTests */ = {
			isa = PBXGroup;
			children = (
				2A412A0A297F0DEE00E33979 /* BeardGramTests.swift */,
			);
			path = BeardGramTests;
			sourceTree = "<group>";
		};
		2A412A13297F0DEE00E33979 /* BeardGramUITests */ = {
			isa = PBXGroup;
			children = (
				2A412A14297F0DEE00E33979 /* BeardGramUITests.swift */,
				2A412A16297F0DEE00E33979 /* BeardGramUITestsLaunchTests.swift */,
			);
			path = BeardGramUITests;
			sourceTree = "<group>";
		};
		2A412A23297F106300E33979 /* Screens */ = {
			isa = PBXGroup;
			children = (
				2A4129F9297F0DEC00E33979 /* Main.storyboard */,
			);
			path = Screens;
			sourceTree = "<group>";
		};
		2A412A24297F107200E33979 /* VC */ = {
			isa = PBXGroup;
			children = (
				2A4129F7297F0DEC00E33979 /* ViewController.swift */,
				2A412A29297F294C00E33979 /* SignUpVC.swift */,
				2A412A25297F1B2500E33979 /* WellcomeVC.swift */,
				2A412A27297F245100E33979 /* HomeVC.swift */,
			);
			path = VC;
			sourceTree = "<group>";
		};
		2A412A64297F36CE00E33979 /* Services */ = {
			isa = PBXGroup;
			children = (
				2A412A68297F370E00E33979 /* Authentication.swift */,
				2A412A6A297F371A00E33979 /* Filestorage.swift */,
			);
			path = Services;
			sourceTree = "<group>";
		};
		2A412A65297F36E200E33979 /* Common */ = {
			isa = PBXGroup;
			children = (
				2A412A66297F370200E33979 /* BaseAuthentication.swift */,
			);
			path = Common;
			sourceTree = "<group>";
		};
		2A412A6C297F398800E33979 /* Fields */ = {
			isa = PBXGroup;
			children = (
				2A412A6D297F39A200E33979 /* EmailTextField.swift */,
				2A412A6F297F3A4100E33979 /* PasswordTextField.swift */,
				2A412A71297F3A6300E33979 /* NameTextField.swift */,
			);
			path = Fields;
			sourceTree = "<group>";
		};
		4430FAEEB08063B4AF5372E4 /* Pods */ = {
			isa = PBXGroup;
			children = (
				CBC656FEC7755CD9243F29FB /* Pods-BeardGram.debug.xcconfig */,
				F863BD49A494DF00EE652EC8 /* Pods-BeardGram.release.xcconfig */,
				FC494E1EDF70E803C66EB8BF /* Pods-BeardGram-BeardGramUITests.debug.xcconfig */,
				2D2B30F9709BA5885D9DB335 /* Pods-BeardGram-BeardGramUITests.release.xcconfig */,
				953948C31551E5C07264A44D /* Pods-BeardGramTests.debug.xcconfig */,
				8272B55BB85FAA50C1AA89BA /* Pods-BeardGramTests.release.xcconfig */,
			);
			path = Pods;
			sourceTree = "<group>";
		};
		6DFD0B88298158C30043A50B /* Configs */ = {
			isa = PBXGroup;
			children = (
				6DFD0B89298158E30043A50B /* Debug.xcconfig */,
				6DFD0B8A298158EE0043A50B /* Release.xcconfig */,
			);
			path = Configs;
			sourceTree = "<group>";
		};
		8545145C475D8EA7A4F08161 /* Frameworks */ = {
			isa = PBXGroup;
			children = (
				9C4E8DB41D40C99C571A22B9 /* Pods_BeardGram.framework */,
				04725EAE9C236AC60C5583EE /* Pods_BeardGram_BeardGramUITests.framework */,
				AB98F2D7FA19B378AB6A133E /* Pods_BeardGramTests.framework */,
			);
			name = Frameworks;
			sourceTree = "<group>";
		};
/* End PBXGroup section */

/* Begin PBXNativeTarget section */
		2A4129EF297F0DEC00E33979 /* BeardGram */ = {
			isa = PBXNativeTarget;
			buildConfigurationList = 2A412A1A297F0DEE00E33979 /* Build configuration list for PBXNativeTarget "BeardGram" */;
			buildPhases = (
				5991B092F4257531A1655CB8 /* [CP] Check Pods Manifest.lock */,
				2A4129EC297F0DEC00E33979 /* Sources */,
				2A4129ED297F0DEC00E33979 /* Frameworks */,
				2A4129EE297F0DEC00E33979 /* Resources */,
				4DDBBDCBEBED05F753DCB00F /* [CP] Embed Pods Frameworks */,
				F7C11508B67F0B434E48A629 /* [CP] Copy Pods Resources */,
			);
			buildRules = (
			);
			dependencies = (
			);
			name = BeardGram;
			productName = BeardGram;
			productReference = 2A4129F0297F0DEC00E33979 /* BeardGram.app */;
			productType = "com.apple.product-type.application";
		};
		2A412A05297F0DEE00E33979 /* BeardGramTests */ = {
			isa = PBXNativeTarget;
			buildConfigurationList = 2A412A1D297F0DEE00E33979 /* Build configuration list for PBXNativeTarget "BeardGramTests" */;
			buildPhases = (
				A4B9659561F1CBBC0B23A240 /* [CP] Check Pods Manifest.lock */,
				2A412A02297F0DEE00E33979 /* Sources */,
				2A412A03297F0DEE00E33979 /* Frameworks */,
				2A412A04297F0DEE00E33979 /* Resources */,
			);
			buildRules = (
			);
			dependencies = (
				2A412A08297F0DEE00E33979 /* PBXTargetDependency */,
			);
			name = BeardGramTests;
			productName = BeardGramTests;
			productReference = 2A412A06297F0DEE00E33979 /* BeardGramTests.xctest */;
			productType = "com.apple.product-type.bundle.unit-test";
		};
		2A412A0F297F0DEE00E33979 /* BeardGramUITests */ = {
			isa = PBXNativeTarget;
			buildConfigurationList = 2A412A20297F0DEE00E33979 /* Build configuration list for PBXNativeTarget "BeardGramUITests" */;
			buildPhases = (
				3C0A53D65DDF3B193F21E6B0 /* [CP] Check Pods Manifest.lock */,
				2A412A0C297F0DEE00E33979 /* Sources */,
				2A412A0D297F0DEE00E33979 /* Frameworks */,
				2A412A0E297F0DEE00E33979 /* Resources */,
				4CC2A21D12E50690B9AA719D /* [CP] Embed Pods Frameworks */,
				FCA37048AA7E108D40D82E40 /* [CP] Copy Pods Resources */,
			);
			buildRules = (
			);
			dependencies = (
				2A412A12297F0DEE00E33979 /* PBXTargetDependency */,
			);
			name = BeardGramUITests;
			productName = BeardGramUITests;
			productReference = 2A412A10297F0DEE00E33979 /* BeardGramUITests.xctest */;
			productType = "com.apple.product-type.bundle.ui-testing";
		};
/* End PBXNativeTarget section */

/* Begin PBXProject section */
		2A4129E8297F0DEC00E33979 /* Project object */ = {
			isa = PBXProject;
			attributes = {
				BuildIndependentTargetsInParallel = 1;
				LastSwiftUpdateCheck = 1420;
				LastUpgradeCheck = 1420;
				TargetAttributes = {
					2A4129EF297F0DEC00E33979 = {
						CreatedOnToolsVersion = 14.2;
					};
					2A412A05297F0DEE00E33979 = {
						CreatedOnToolsVersion = 14.2;
						TestTargetID = 2A4129EF297F0DEC00E33979;
					};
					2A412A0F297F0DEE00E33979 = {
						CreatedOnToolsVersion = 14.2;
						TestTargetID = 2A4129EF297F0DEC00E33979;
					};
				};
			};
			buildConfigurationList = 2A4129EB297F0DEC00E33979 /* Build configuration list for PBXProject "BeardGram" */;
			compatibilityVersion = "Xcode 13.0";
			developmentRegion = en;
			hasScannedForEncodings = 0;
			knownRegions = (
				en,
				Base,
			);
			mainGroup = 2A4129E7297F0DEC00E33979;
			productRefGroup = 2A4129F1297F0DEC00E33979 /* Products */;
			projectDirPath = "";
			projectRoot = "";
			targets = (
				2A4129EF297F0DEC00E33979 /* BeardGram */,
				2A412A05297F0DEE00E33979 /* BeardGramTests */,
				2A412A0F297F0DEE00E33979 /* BeardGramUITests */,
			);
		};
/* End PBXProject section */

/* Begin PBXResourcesBuildPhase section */
		2A4129EE297F0DEC00E33979 /* Resources */ = {
			isa = PBXResourcesBuildPhase;
			buildActionMask = 2147483647;
			files = (
				2A412A00297F0DEE00E33979 /* LaunchScreen.storyboard in Resources */,
				6DFD0B8D2981EC880043A50B /* GoogleService-Info.plist in Resources */,
				2A4129FD297F0DEE00E33979 /* Assets.xcassets in Resources */,
				2A4129FB297F0DEC00E33979 /* Main.storyboard in Resources */,
			);
			runOnlyForDeploymentPostprocessing = 0;
		};
		2A412A04297F0DEE00E33979 /* Resources */ = {
			isa = PBXResourcesBuildPhase;
			buildActionMask = 2147483647;
			files = (
			);
			runOnlyForDeploymentPostprocessing = 0;
		};
		2A412A0E297F0DEE00E33979 /* Resources */ = {
			isa = PBXResourcesBuildPhase;
			buildActionMask = 2147483647;
			files = (
			);
			runOnlyForDeploymentPostprocessing = 0;
		};
/* End PBXResourcesBuildPhase section */

/* Begin PBXShellScriptBuildPhase section */
		3C0A53D65DDF3B193F21E6B0 /* [CP] Check Pods Manifest.lock */ = {
			isa = PBXShellScriptBuildPhase;
			buildActionMask = 2147483647;
			files = (
			);
			inputFileListPaths = (
			);
			inputPaths = (
				"${PODS_PODFILE_DIR_PATH}/Podfile.lock",
				"${PODS_ROOT}/Manifest.lock",
			);
			name = "[CP] Check Pods Manifest.lock";
			outputFileListPaths = (
			);
			outputPaths = (
				"$(DERIVED_FILE_DIR)/Pods-BeardGram-BeardGramUITests-checkManifestLockResult.txt",
			);
			runOnlyForDeploymentPostprocessing = 0;
			shellPath = /bin/sh;
			shellScript = "diff \"${PODS_PODFILE_DIR_PATH}/Podfile.lock\" \"${PODS_ROOT}/Manifest.lock\" > /dev/null\nif [ $? != 0 ] ; then\n    # print error to STDERR\n    echo \"error: The sandbox is not in sync with the Podfile.lock. Run 'pod install' or update your CocoaPods installation.\" >&2\n    exit 1\nfi\n# This output is used by Xcode 'outputs' to avoid re-running this script phase.\necho \"SUCCESS\" > \"${SCRIPT_OUTPUT_FILE_0}\"\n";
			showEnvVarsInLog = 0;
		};
		4CC2A21D12E50690B9AA719D /* [CP] Embed Pods Frameworks */ = {
			isa = PBXShellScriptBuildPhase;
			buildActionMask = 2147483647;
			files = (
			);
			inputFileListPaths = (
				"${PODS_ROOT}/Target Support Files/Pods-BeardGram-BeardGramUITests/Pods-BeardGram-BeardGramUITests-frameworks-${CONFIGURATION}-input-files.xcfilelist",
			);
			name = "[CP] Embed Pods Frameworks";
			outputFileListPaths = (
				"${PODS_ROOT}/Target Support Files/Pods-BeardGram-BeardGramUITests/Pods-BeardGram-BeardGramUITests-frameworks-${CONFIGURATION}-output-files.xcfilelist",
			);
			runOnlyForDeploymentPostprocessing = 0;
			shellPath = /bin/sh;
			shellScript = "\"${PODS_ROOT}/Target Support Files/Pods-BeardGram-BeardGramUITests/Pods-BeardGram-BeardGramUITests-frameworks.sh\"\n";
			showEnvVarsInLog = 0;
		};
		4DDBBDCBEBED05F753DCB00F /* [CP] Embed Pods Frameworks */ = {
			isa = PBXShellScriptBuildPhase;
			buildActionMask = 2147483647;
			files = (
			);
			inputFileListPaths = (
				"${PODS_ROOT}/Target Support Files/Pods-BeardGram/Pods-BeardGram-frameworks-${CONFIGURATION}-input-files.xcfilelist",
			);
			name = "[CP] Embed Pods Frameworks";
			outputFileListPaths = (
				"${PODS_ROOT}/Target Support Files/Pods-BeardGram/Pods-BeardGram-frameworks-${CONFIGURATION}-output-files.xcfilelist",
			);
			runOnlyForDeploymentPostprocessing = 0;
			shellPath = /bin/sh;
			shellScript = "\"${PODS_ROOT}/Target Support Files/Pods-BeardGram/Pods-BeardGram-frameworks.sh\"\n";
			showEnvVarsInLog = 0;
		};
		5991B092F4257531A1655CB8 /* [CP] Check Pods Manifest.lock */ = {
			isa = PBXShellScriptBuildPhase;
			buildActionMask = 2147483647;
			files = (
			);
			inputFileListPaths = (
			);
			inputPaths = (
				"${PODS_PODFILE_DIR_PATH}/Podfile.lock",
				"${PODS_ROOT}/Manifest.lock",
			);
			name = "[CP] Check Pods Manifest.lock";
			outputFileListPaths = (
			);
			outputPaths = (
				"$(DERIVED_FILE_DIR)/Pods-BeardGram-checkManifestLockResult.txt",
			);
			runOnlyForDeploymentPostprocessing = 0;
			shellPath = /bin/sh;
			shellScript = "diff \"${PODS_PODFILE_DIR_PATH}/Podfile.lock\" \"${PODS_ROOT}/Manifest.lock\" > /dev/null\nif [ $? != 0 ] ; then\n    # print error to STDERR\n    echo \"error: The sandbox is not in sync with the Podfile.lock. Run 'pod install' or update your CocoaPods installation.\" >&2\n    exit 1\nfi\n# This output is used by Xcode 'outputs' to avoid re-running this script phase.\necho \"SUCCESS\" > \"${SCRIPT_OUTPUT_FILE_0}\"\n";
			showEnvVarsInLog = 0;
		};
		A4B9659561F1CBBC0B23A240 /* [CP] Check Pods Manifest.lock */ = {
			isa = PBXShellScriptBuildPhase;
			buildActionMask = 2147483647;
			files = (
			);
			inputFileListPaths = (
			);
			inputPaths = (
				"${PODS_PODFILE_DIR_PATH}/Podfile.lock",
				"${PODS_ROOT}/Manifest.lock",
			);
			name = "[CP] Check Pods Manifest.lock";
			outputFileListPaths = (
			);
			outputPaths = (
				"$(DERIVED_FILE_DIR)/Pods-BeardGramTests-checkManifestLockResult.txt",
			);
			runOnlyForDeploymentPostprocessing = 0;
			shellPath = /bin/sh;
			shellScript = "diff \"${PODS_PODFILE_DIR_PATH}/Podfile.lock\" \"${PODS_ROOT}/Manifest.lock\" > /dev/null\nif [ $? != 0 ] ; then\n    # print error to STDERR\n    echo \"error: The sandbox is not in sync with the Podfile.lock. Run 'pod install' or update your CocoaPods installation.\" >&2\n    exit 1\nfi\n# This output is used by Xcode 'outputs' to avoid re-running this script phase.\necho \"SUCCESS\" > \"${SCRIPT_OUTPUT_FILE_0}\"\n";
			showEnvVarsInLog = 0;
		};
		F7C11508B67F0B434E48A629 /* [CP] Copy Pods Resources */ = {
			isa = PBXShellScriptBuildPhase;
			buildActionMask = 2147483647;
			files = (
			);
			inputFileListPaths = (
				"${PODS_ROOT}/Target Support Files/Pods-BeardGram/Pods-BeardGram-resources-${CONFIGURATION}-input-files.xcfilelist",
			);
			name = "[CP] Copy Pods Resources";
			outputFileListPaths = (
				"${PODS_ROOT}/Target Support Files/Pods-BeardGram/Pods-BeardGram-resources-${CONFIGURATION}-output-files.xcfilelist",
			);
			runOnlyForDeploymentPostprocessing = 0;
			shellPath = /bin/sh;
			shellScript = "\"${PODS_ROOT}/Target Support Files/Pods-BeardGram/Pods-BeardGram-resources.sh\"\n";
			showEnvVarsInLog = 0;
		};
		FCA37048AA7E108D40D82E40 /* [CP] Copy Pods Resources */ = {
			isa = PBXShellScriptBuildPhase;
			buildActionMask = 2147483647;
			files = (
			);
			inputFileListPaths = (
				"${PODS_ROOT}/Target Support Files/Pods-BeardGram-BeardGramUITests/Pods-BeardGram-BeardGramUITests-resources-${CONFIGURATION}-input-files.xcfilelist",
			);
			name = "[CP] Copy Pods Resources";
			outputFileListPaths = (
				"${PODS_ROOT}/Target Support Files/Pods-BeardGram-BeardGramUITests/Pods-BeardGram-BeardGramUITests-resources-${CONFIGURATION}-output-files.xcfilelist",
			);
			runOnlyForDeploymentPostprocessing = 0;
			shellPath = /bin/sh;
			shellScript = "\"${PODS_ROOT}/Target Support Files/Pods-BeardGram-BeardGramUITests/Pods-BeardGram-BeardGramUITests-resources.sh\"\n";
			showEnvVarsInLog = 0;
		};
/* End PBXShellScriptBuildPhase section */

/* Begin PBXSourcesBuildPhase section */
		2A4129EC297F0DEC00E33979 /* Sources */ = {
			isa = PBXSourcesBuildPhase;
			buildActionMask = 2147483647;
			files = (
				2A412A72297F3A6300E33979 /* NameTextField.swift in Sources */,
				2A412A26297F1B2500E33979 /* WellcomeVC.swift in Sources */,
				2A412A28297F245100E33979 /* HomeVC.swift in Sources */,
				2A412A6E297F39A200E33979 /* EmailTextField.swift in Sources */,
				2A4129F8297F0DEC00E33979 /* ViewController.swift in Sources */,
				2A412A67297F370200E33979 /* BaseAuthentication.swift in Sources */,
				2A412A6B297F371A00E33979 /* Filestorage.swift in Sources */,
				2A4129F4297F0DEC00E33979 /* AppDelegate.swift in Sources */,
				2A412A2A297F294C00E33979 /* SignUpVC.swift in Sources */,
				2A4129F6297F0DEC00E33979 /* SceneDelegate.swift in Sources */,
				2A412A70297F3A4100E33979 /* PasswordTextField.swift in Sources */,
				2A412A69297F370E00E33979 /* Authentication.swift in Sources */,
			);
			runOnlyForDeploymentPostprocessing = 0;
		};
		2A412A02297F0DEE00E33979 /* Sources */ = {
			isa = PBXSourcesBuildPhase;
			buildActionMask = 2147483647;
			files = (
				2A412A0B297F0DEE00E33979 /* BeardGramTests.swift in Sources */,
			);
			runOnlyForDeploymentPostprocessing = 0;
		};
		2A412A0C297F0DEE00E33979 /* Sources */ = {
			isa = PBXSourcesBuildPhase;
			buildActionMask = 2147483647;
			files = (
				2A412A17297F0DEE00E33979 /* BeardGramUITestsLaunchTests.swift in Sources */,
				2A412A15297F0DEE00E33979 /* BeardGramUITests.swift in Sources */,
			);
			runOnlyForDeploymentPostprocessing = 0;
		};
/* End PBXSourcesBuildPhase section */

/* Begin PBXTargetDependency section */
		2A412A08297F0DEE00E33979 /* PBXTargetDependency */ = {
			isa = PBXTargetDependency;
			target = 2A4129EF297F0DEC00E33979 /* BeardGram */;
			targetProxy = 2A412A07297F0DEE00E33979 /* PBXContainerItemProxy */;
		};
		2A412A12297F0DEE00E33979 /* PBXTargetDependency */ = {
			isa = PBXTargetDependency;
			target = 2A4129EF297F0DEC00E33979 /* BeardGram */;
			targetProxy = 2A412A11297F0DEE00E33979 /* PBXContainerItemProxy */;
		};
/* End PBXTargetDependency section */

/* Begin PBXVariantGroup section */
		2A4129F9297F0DEC00E33979 /* Main.storyboard */ = {
			isa = PBXVariantGroup;
			children = (
				2A4129FA297F0DEC00E33979 /* Base */,
			);
			name = Main.storyboard;
			sourceTree = "<group>";
		};
		2A4129FE297F0DEE00E33979 /* LaunchScreen.storyboard */ = {
			isa = PBXVariantGroup;
			children = (
				2A4129FF297F0DEE00E33979 /* Base */,
			);
			name = LaunchScreen.storyboard;
			sourceTree = "<group>";
		};
/* End PBXVariantGroup section */

/* Begin XCBuildConfiguration section */
		2A412A18297F0DEE00E33979 /* Debug */ = {
			isa = XCBuildConfiguration;
			buildSettings = {
				ALWAYS_SEARCH_USER_PATHS = NO;
				CLANG_ANALYZER_NONNULL = YES;
				CLANG_ANALYZER_NUMBER_OBJECT_CONVERSION = YES_AGGRESSIVE;
				CLANG_CXX_LANGUAGE_STANDARD = "gnu++20";
				CLANG_ENABLE_MODULES = YES;
				CLANG_ENABLE_OBJC_ARC = YES;
				CLANG_ENABLE_OBJC_WEAK = YES;
				CLANG_WARN_BLOCK_CAPTURE_AUTORELEASING = YES;
				CLANG_WARN_BOOL_CONVERSION = YES;
				CLANG_WARN_COMMA = YES;
				CLANG_WARN_CONSTANT_CONVERSION = YES;
				CLANG_WARN_DEPRECATED_OBJC_IMPLEMENTATIONS = YES;
				CLANG_WARN_DIRECT_OBJC_ISA_USAGE = YES_ERROR;
				CLANG_WARN_DOCUMENTATION_COMMENTS = YES;
				CLANG_WARN_EMPTY_BODY = YES;
				CLANG_WARN_ENUM_CONVERSION = YES;
				CLANG_WARN_INFINITE_RECURSION = YES;
				CLANG_WARN_INT_CONVERSION = YES;
				CLANG_WARN_NON_LITERAL_NULL_CONVERSION = YES;
				CLANG_WARN_OBJC_IMPLICIT_RETAIN_SELF = YES;
				CLANG_WARN_OBJC_LITERAL_CONVERSION = YES;
				CLANG_WARN_OBJC_ROOT_CLASS = YES_ERROR;
				CLANG_WARN_QUOTED_INCLUDE_IN_FRAMEWORK_HEADER = YES;
				CLANG_WARN_RANGE_LOOP_ANALYSIS = YES;
				CLANG_WARN_STRICT_PROTOTYPES = YES;
				CLANG_WARN_SUSPICIOUS_MOVE = YES;
				CLANG_WARN_UNGUARDED_AVAILABILITY = YES_AGGRESSIVE;
				CLANG_WARN_UNREACHABLE_CODE = YES;
				CLANG_WARN__DUPLICATE_METHOD_MATCH = YES;
				COPY_PHASE_STRIP = NO;
				DEBUG_INFORMATION_FORMAT = dwarf;
				ENABLE_STRICT_OBJC_MSGSEND = YES;
				ENABLE_TESTABILITY = YES;
				GCC_C_LANGUAGE_STANDARD = gnu11;
				GCC_DYNAMIC_NO_PIC = NO;
				GCC_NO_COMMON_BLOCKS = YES;
				GCC_OPTIMIZATION_LEVEL = 0;
				GCC_PREPROCESSOR_DEFINITIONS = (
					"DEBUG=1",
					"$(inherited)",
				);
				GCC_WARN_64_TO_32_BIT_CONVERSION = YES;
				GCC_WARN_ABOUT_RETURN_TYPE = YES_ERROR;
				GCC_WARN_UNDECLARED_SELECTOR = YES;
				GCC_WARN_UNINITIALIZED_AUTOS = YES_AGGRESSIVE;
				GCC_WARN_UNUSED_FUNCTION = YES;
				GCC_WARN_UNUSED_VARIABLE = YES;
				IPHONEOS_DEPLOYMENT_TARGET = 16.2;
				MTL_ENABLE_DEBUG_INFO = INCLUDE_SOURCE;
				MTL_FAST_MATH = YES;
				ONLY_ACTIVE_ARCH = YES;
				SDKROOT = iphoneos;
				SWIFT_ACTIVE_COMPILATION_CONDITIONS = DEBUG;
				SWIFT_OPTIMIZATION_LEVEL = "-Onone";
			};
			name = Debug;
		};
		2A412A19297F0DEE00E33979 /* Release */ = {
			isa = XCBuildConfiguration;
			buildSettings = {
				ALWAYS_SEARCH_USER_PATHS = NO;
				CLANG_ANALYZER_NONNULL = YES;
				CLANG_ANALYZER_NUMBER_OBJECT_CONVERSION = YES_AGGRESSIVE;
				CLANG_CXX_LANGUAGE_STANDARD = "gnu++20";
				CLANG_ENABLE_MODULES = YES;
				CLANG_ENABLE_OBJC_ARC = YES;
				CLANG_ENABLE_OBJC_WEAK = YES;
				CLANG_WARN_BLOCK_CAPTURE_AUTORELEASING = YES;
				CLANG_WARN_BOOL_CONVERSION = YES;
				CLANG_WARN_COMMA = YES;
				CLANG_WARN_CONSTANT_CONVERSION = YES;
				CLANG_WARN_DEPRECATED_OBJC_IMPLEMENTATIONS = YES;
				CLANG_WARN_DIRECT_OBJC_ISA_USAGE = YES_ERROR;
				CLANG_WARN_DOCUMENTATION_COMMENTS = YES;
				CLANG_WARN_EMPTY_BODY = YES;
				CLANG_WARN_ENUM_CONVERSION = YES;
				CLANG_WARN_INFINITE_RECURSION = YES;
				CLANG_WARN_INT_CONVERSION = YES;
				CLANG_WARN_NON_LITERAL_NULL_CONVERSION = YES;
				CLANG_WARN_OBJC_IMPLICIT_RETAIN_SELF = YES;
				CLANG_WARN_OBJC_LITERAL_CONVERSION = YES;
				CLANG_WARN_OBJC_ROOT_CLASS = YES_ERROR;
				CLANG_WARN_QUOTED_INCLUDE_IN_FRAMEWORK_HEADER = YES;
				CLANG_WARN_RANGE_LOOP_ANALYSIS = YES;
				CLANG_WARN_STRICT_PROTOTYPES = YES;
				CLANG_WARN_SUSPICIOUS_MOVE = YES;
				CLANG_WARN_UNGUARDED_AVAILABILITY = YES_AGGRESSIVE;
				CLANG_WARN_UNREACHABLE_CODE = YES;
				CLANG_WARN__DUPLICATE_METHOD_MATCH = YES;
				COPY_PHASE_STRIP = NO;
				DEBUG_INFORMATION_FORMAT = "dwarf-with-dsym";
				ENABLE_NS_ASSERTIONS = NO;
				ENABLE_STRICT_OBJC_MSGSEND = YES;
				GCC_C_LANGUAGE_STANDARD = gnu11;
				GCC_NO_COMMON_BLOCKS = YES;
				GCC_WARN_64_TO_32_BIT_CONVERSION = YES;
				GCC_WARN_ABOUT_RETURN_TYPE = YES_ERROR;
				GCC_WARN_UNDECLARED_SELECTOR = YES;
				GCC_WARN_UNINITIALIZED_AUTOS = YES_AGGRESSIVE;
				GCC_WARN_UNUSED_FUNCTION = YES;
				GCC_WARN_UNUSED_VARIABLE = YES;
				IPHONEOS_DEPLOYMENT_TARGET = 16.2;
				MTL_ENABLE_DEBUG_INFO = NO;
				MTL_FAST_MATH = YES;
				SDKROOT = iphoneos;
				SWIFT_COMPILATION_MODE = wholemodule;
				SWIFT_OPTIMIZATION_LEVEL = "-O";
				VALIDATE_PRODUCT = YES;
			};
			name = Release;
		};
		2A412A1B297F0DEE00E33979 /* Debug */ = {
			isa = XCBuildConfiguration;
			baseConfigurationReference = 6DFD0B89298158E30043A50B /* Debug.xcconfig */;
			buildSettings = {
				ASSETCATALOG_COMPILER_APPICON_NAME = AppIcon;
				ASSETCATALOG_COMPILER_GLOBAL_ACCENT_COLOR_NAME = AccentColor;
				"CODE_SIGN_IDENTITY[sdk=iphoneos*]" = "iPhone Distribution";
				CURRENT_PROJECT_VERSION = 1;
				"DEVELOPMENT_TEAM[sdk=iphoneos*]" = 8MJN994E42;
				GENERATE_INFOPLIST_FILE = YES;
				INFOPLIST_FILE = BeardGram/Info.plist;
				INFOPLIST_KEY_UIApplicationSupportsIndirectInputEvents = YES;
				INFOPLIST_KEY_UILaunchStoryboardName = LaunchScreen;
				INFOPLIST_KEY_UIMainStoryboardFile = Main;
				INFOPLIST_KEY_UISupportedInterfaceOrientations_iPad = "UIInterfaceOrientationPortrait UIInterfaceOrientationPortraitUpsideDown UIInterfaceOrientationLandscapeLeft UIInterfaceOrientationLandscapeRight";
				INFOPLIST_KEY_UISupportedInterfaceOrientations_iPhone = "UIInterfaceOrientationPortrait UIInterfaceOrientationLandscapeLeft UIInterfaceOrientationLandscapeRight";
				LD_RUNPATH_SEARCH_PATHS = (
					"$(inherited)",
					"@executable_path/Frameworks",
				);
				MARKETING_VERSION = 1.0;
				PRODUCT_NAME = "$(TARGET_NAME)";
				"PROVISIONING_PROFILE_SPECIFIER[sdk=iphoneos*]" = PavelSemenchenkoBeardGram;
				SWIFT_EMIT_LOC_STRINGS = YES;
				SWIFT_VERSION = 5.0;
				TARGETED_DEVICE_FAMILY = "1,2";
			};
			name = Debug;
		};
		2A412A1C297F0DEE00E33979 /* Release */ = {
			isa = XCBuildConfiguration;
			baseConfigurationReference = 6DFD0B8A298158EE0043A50B /* Release.xcconfig */;
			buildSettings = {
				ASSETCATALOG_COMPILER_APPICON_NAME = AppIcon;
				ASSETCATALOG_COMPILER_GLOBAL_ACCENT_COLOR_NAME = AccentColor;
				CURRENT_PROJECT_VERSION = 1;
				GENERATE_INFOPLIST_FILE = YES;
				INFOPLIST_FILE = BeardGram/Info.plist;
				INFOPLIST_KEY_UIApplicationSupportsIndirectInputEvents = YES;
				INFOPLIST_KEY_UILaunchStoryboardName = LaunchScreen;
				INFOPLIST_KEY_UIMainStoryboardFile = Main;
				INFOPLIST_KEY_UISupportedInterfaceOrientations_iPad = "UIInterfaceOrientationPortrait UIInterfaceOrientationPortraitUpsideDown UIInterfaceOrientationLandscapeLeft UIInterfaceOrientationLandscapeRight";
				INFOPLIST_KEY_UISupportedInterfaceOrientations_iPhone = "UIInterfaceOrientationPortrait UIInterfaceOrientationLandscapeLeft UIInterfaceOrientationLandscapeRight";
				LD_RUNPATH_SEARCH_PATHS = (
					"$(inherited)",
					"@executable_path/Frameworks",
				);
				MARKETING_VERSION = 1.0;
				PRODUCT_NAME = "$(TARGET_NAME)";
				SWIFT_EMIT_LOC_STRINGS = YES;
				SWIFT_VERSION = 5.0;
				TARGETED_DEVICE_FAMILY = "1,2";
			};
			name = Release;
		};
		2A412A1E297F0DEE00E33979 /* Debug */ = {
			isa = XCBuildConfiguration;
			baseConfigurationReference = 953948C31551E5C07264A44D /* Pods-BeardGramTests.debug.xcconfig */;
			buildSettings = {
				ALWAYS_EMBED_SWIFT_STANDARD_LIBRARIES = "$(inherited)";
				BUNDLE_LOADER = "$(TEST_HOST)";
				CODE_SIGN_STYLE = Automatic;
				CURRENT_PROJECT_VERSION = 1;
				DEVELOPMENT_TEAM = 7328NRHXBW;
				GENERATE_INFOPLIST_FILE = YES;
				IPHONEOS_DEPLOYMENT_TARGET = 16.2;
				MARKETING_VERSION = 1.0;
				PRODUCT_BUNDLE_IDENTIFIER = PavelSemenchenko.BeardGramTests;
				PRODUCT_NAME = "$(TARGET_NAME)";
				SWIFT_EMIT_LOC_STRINGS = NO;
				SWIFT_VERSION = 5.0;
				TARGETED_DEVICE_FAMILY = "1,2";
				TEST_HOST = "$(BUILT_PRODUCTS_DIR)/BeardGram.app/$(BUNDLE_EXECUTABLE_FOLDER_PATH)/BeardGram";
			};
			name = Debug;
		};
		2A412A1F297F0DEE00E33979 /* Release */ = {
			isa = XCBuildConfiguration;
			baseConfigurationReference = 8272B55BB85FAA50C1AA89BA /* Pods-BeardGramTests.release.xcconfig */;
			buildSettings = {
				ALWAYS_EMBED_SWIFT_STANDARD_LIBRARIES = "$(inherited)";
				BUNDLE_LOADER = "$(TEST_HOST)";
				CODE_SIGN_STYLE = Automatic;
				CURRENT_PROJECT_VERSION = 1;
				DEVELOPMENT_TEAM = 7328NRHXBW;
				GENERATE_INFOPLIST_FILE = YES;
				IPHONEOS_DEPLOYMENT_TARGET = 16.2;
				MARKETING_VERSION = 1.0;
				PRODUCT_BUNDLE_IDENTIFIER = PavelSemenchenko.BeardGramTests;
				PRODUCT_NAME = "$(TARGET_NAME)";
				SWIFT_EMIT_LOC_STRINGS = NO;
				SWIFT_VERSION = 5.0;
				TARGETED_DEVICE_FAMILY = "1,2";
				TEST_HOST = "$(BUILT_PRODUCTS_DIR)/BeardGram.app/$(BUNDLE_EXECUTABLE_FOLDER_PATH)/BeardGram";
			};
			name = Release;
		};
		2A412A21297F0DEE00E33979 /* Debug */ = {
			isa = XCBuildConfiguration;
			baseConfigurationReference = FC494E1EDF70E803C66EB8BF /* Pods-BeardGram-BeardGramUITests.debug.xcconfig */;
			buildSettings = {
				ALWAYS_EMBED_SWIFT_STANDARD_LIBRARIES = "$(inherited)";
				CODE_SIGN_STYLE = Automatic;
				CURRENT_PROJECT_VERSION = 1;
				DEVELOPMENT_TEAM = 7328NRHXBW;
				GENERATE_INFOPLIST_FILE = YES;
				MARKETING_VERSION = 1.0;
				PRODUCT_BUNDLE_IDENTIFIER = PavelSemenchenko.BeardGramUITests;
				PRODUCT_NAME = "$(TARGET_NAME)";
				SWIFT_EMIT_LOC_STRINGS = NO;
				SWIFT_VERSION = 5.0;
				TARGETED_DEVICE_FAMILY = "1,2";
				TEST_TARGET_NAME = BeardGram;
			};
			name = Debug;
		};
		2A412A22297F0DEE00E33979 /* Release */ = {
			isa = XCBuildConfiguration;
			baseConfigurationReference = 2D2B30F9709BA5885D9DB335 /* Pods-BeardGram-BeardGramUITests.release.xcconfig */;
			buildSettings = {
				ALWAYS_EMBED_SWIFT_STANDARD_LIBRARIES = "$(inherited)";
				CODE_SIGN_STYLE = Automatic;
				CURRENT_PROJECT_VERSION = 1;
				DEVELOPMENT_TEAM = 7328NRHXBW;
				GENERATE_INFOPLIST_FILE = YES;
				MARKETING_VERSION = 1.0;
				PRODUCT_BUNDLE_IDENTIFIER = PavelSemenchenko.BeardGramUITests;
				PRODUCT_NAME = "$(TARGET_NAME)";
				SWIFT_EMIT_LOC_STRINGS = NO;
				SWIFT_VERSION = 5.0;
				TARGETED_DEVICE_FAMILY = "1,2";
				TEST_TARGET_NAME = BeardGram;
			};
			name = Release;
		};
/* End XCBuildConfiguration section */

/* Begin XCConfigurationList section */
		2A4129EB297F0DEC00E33979 /* Build configuration list for PBXProject "BeardGram" */ = {
			isa = XCConfigurationList;
			buildConfigurations = (
				2A412A18297F0DEE00E33979 /* Debug */,
				2A412A19297F0DEE00E33979 /* Release */,
			);
			defaultConfigurationIsVisible = 0;
			defaultConfigurationName = Release;
		};
		2A412A1A297F0DEE00E33979 /* Build configuration list for PBXNativeTarget "BeardGram" */ = {
			isa = XCConfigurationList;
			buildConfigurations = (
				2A412A1B297F0DEE00E33979 /* Debug */,
				2A412A1C297F0DEE00E33979 /* Release */,
			);
			defaultConfigurationIsVisible = 0;
			defaultConfigurationName = Release;
		};
		2A412A1D297F0DEE00E33979 /* Build configuration list for PBXNativeTarget "BeardGramTests" */ = {
			isa = XCConfigurationList;
			buildConfigurations = (
				2A412A1E297F0DEE00E33979 /* Debug */,
				2A412A1F297F0DEE00E33979 /* Release */,
			);
			defaultConfigurationIsVisible = 0;
			defaultConfigurationName = Release;
		};
		2A412A20297F0DEE00E33979 /* Build configuration list for PBXNativeTarget "BeardGramUITests" */ = {
			isa = XCConfigurationList;
			buildConfigurations = (
				2A412A21297F0DEE00E33979 /* Debug */,
				2A412A22297F0DEE00E33979 /* Release */,
			);
			defaultConfigurationIsVisible = 0;
			defaultConfigurationName = Release;
		};
/* End XCConfigurationList section */
	};
	rootObject = 2A4129E8297F0DEC00E33979 /* Project object */;
}
