// !$*UTF8*$!
{
	archiveVersion = 1;
	classes = {
	};
	objectVersion = 56;
	objects = {

/* Begin PBXBuildFile section */
		252BEE179D7198CEEF2F7C09 /* Pods_BeardGram_BeardGramUITests.framework in Frameworks */ = {isa = PBXBuildFile; fileRef = 1E297EB896B30596143DDACD /* Pods_BeardGram_BeardGramUITests.framework */; };
		2A1DDCD22981A83C00CA194F /* GoogleService-Info.plist in Resources */ = {isa = PBXBuildFile; fileRef = 2A1DDCD12981A83C00CA194F /* GoogleService-Info.plist */; };
		2A1DDCD62981C8CF00CA194F /* PhoneSignUpVC.swift in Sources */ = {isa = PBXBuildFile; fileRef = 2A1DDCD52981C8CF00CA194F /* PhoneSignUpVC.swift */; };
		2A1DDCD82981CC7400CA194F /* AppleSignUpVC.swift in Sources */ = {isa = PBXBuildFile; fileRef = 2A1DDCD72981CC7400CA194F /* AppleSignUpVC.swift */; };
		2A1DDCDA2981CCD700CA194F /* FacebookSignUpVC.swift in Sources */ = {isa = PBXBuildFile; fileRef = 2A1DDCD92981CCD700CA194F /* FacebookSignUpVC.swift */; };
		2A4129F4297F0DEC00E33979 /* AppDelegate.swift in Sources */ = {isa = PBXBuildFile; fileRef = 2A4129F3297F0DEC00E33979 /* AppDelegate.swift */; };
		2A4129F6297F0DEC00E33979 /* SceneDelegate.swift in Sources */ = {isa = PBXBuildFile; fileRef = 2A4129F5297F0DEC00E33979 /* SceneDelegate.swift */; };
		2A4129F8297F0DEC00E33979 /* ViewController.swift in Sources */ = {isa = PBXBuildFile; fileRef = 2A4129F7297F0DEC00E33979 /* ViewController.swift */; };
		2A4129FB297F0DEC00E33979 /* Main.storyboard in Resources */ = {isa = PBXBuildFile; fileRef = 2A4129F9297F0DEC00E33979 /* Main.storyboard */; };
		2A4129FD297F0DEE00E33979 /* Assets.xcassets in Resources */ = {isa = PBXBuildFile; fileRef = 2A4129FC297F0DEE00E33979 /* Assets.xcassets */; };
		2A412A00297F0DEE00E33979 /* LaunchScreen.storyboard in Resources */ = {isa = PBXBuildFile; fileRef = 2A4129FE297F0DEE00E33979 /* LaunchScreen.storyboard */; };
		2A412A0B297F0DEE00E33979 /* BeardGramTests.swift in Sources */ = {isa = PBXBuildFile; fileRef = 2A412A0A297F0DEE00E33979 /* BeardGramTests.swift */; };
		2A412A15297F0DEE00E33979 /* BeardGramUITests.swift in Sources */ = {isa = PBXBuildFile; fileRef = 2A412A14297F0DEE00E33979 /* BeardGramUITests.swift */; };
		2A412A17297F0DEE00E33979 /* BeardGramUITestsLaunchTests.swift in Sources */ = {isa = PBXBuildFile; fileRef = 2A412A16297F0DEE00E33979 /* BeardGramUITestsLaunchTests.swift */; };
		2A412A26297F1B2500E33979 /* WellcomeVC.swift in Sources */ = {isa = PBXBuildFile; fileRef = 2A412A25297F1B2500E33979 /* WellcomeVC.swift */; };
		2A412A28297F245100E33979 /* HomeVC.swift in Sources */ = {isa = PBXBuildFile; fileRef = 2A412A27297F245100E33979 /* HomeVC.swift */; };
		2A412A2A297F294C00E33979 /* SignUpVC.swift in Sources */ = {isa = PBXBuildFile; fileRef = 2A412A29297F294C00E33979 /* SignUpVC.swift */; };
		2A412A2F297F2B9700E33979 /* FirebaseAnalytics in Frameworks */ = {isa = PBXBuildFile; productRef = 2A412A2E297F2B9700E33979 /* FirebaseAnalytics */; };
		2A412A31297F2B9700E33979 /* FirebaseAnalyticsOnDeviceConversion in Frameworks */ = {isa = PBXBuildFile; productRef = 2A412A30297F2B9700E33979 /* FirebaseAnalyticsOnDeviceConversion */; };
		2A412A33297F2B9700E33979 /* FirebaseAnalyticsSwift in Frameworks */ = {isa = PBXBuildFile; productRef = 2A412A32297F2B9700E33979 /* FirebaseAnalyticsSwift */; };
		2A412A35297F2B9700E33979 /* FirebaseAnalyticsWithoutAdIdSupport in Frameworks */ = {isa = PBXBuildFile; productRef = 2A412A34297F2B9700E33979 /* FirebaseAnalyticsWithoutAdIdSupport */; };
		2A412A37297F2B9700E33979 /* FirebaseAppCheck in Frameworks */ = {isa = PBXBuildFile; productRef = 2A412A36297F2B9700E33979 /* FirebaseAppCheck */; };
		2A412A39297F2B9700E33979 /* FirebaseAppDistribution-Beta in Frameworks */ = {isa = PBXBuildFile; productRef = 2A412A38297F2B9700E33979 /* FirebaseAppDistribution-Beta */; };
		2A412A3B297F2B9700E33979 /* FirebaseAuth in Frameworks */ = {isa = PBXBuildFile; productRef = 2A412A3A297F2B9700E33979 /* FirebaseAuth */; };
		2A412A3D297F2B9700E33979 /* FirebaseAuthCombine-Community in Frameworks */ = {isa = PBXBuildFile; productRef = 2A412A3C297F2B9700E33979 /* FirebaseAuthCombine-Community */; };
		2A412A3F297F2B9700E33979 /* FirebaseCrashlytics in Frameworks */ = {isa = PBXBuildFile; productRef = 2A412A3E297F2B9700E33979 /* FirebaseCrashlytics */; };
		2A412A41297F2B9700E33979 /* FirebaseDatabase in Frameworks */ = {isa = PBXBuildFile; productRef = 2A412A40297F2B9700E33979 /* FirebaseDatabase */; };
		2A412A43297F2B9700E33979 /* FirebaseDatabaseSwift in Frameworks */ = {isa = PBXBuildFile; productRef = 2A412A42297F2B9700E33979 /* FirebaseDatabaseSwift */; };
		2A412A45297F2B9700E33979 /* FirebaseDynamicLinks in Frameworks */ = {isa = PBXBuildFile; productRef = 2A412A44297F2B9700E33979 /* FirebaseDynamicLinks */; };
		2A412A47297F2B9700E33979 /* FirebaseFirestore in Frameworks */ = {isa = PBXBuildFile; productRef = 2A412A46297F2B9700E33979 /* FirebaseFirestore */; };
		2A412A49297F2B9700E33979 /* FirebaseFirestoreCombine-Community in Frameworks */ = {isa = PBXBuildFile; productRef = 2A412A48297F2B9700E33979 /* FirebaseFirestoreCombine-Community */; };
		2A412A4B297F2B9700E33979 /* FirebaseFirestoreSwift in Frameworks */ = {isa = PBXBuildFile; productRef = 2A412A4A297F2B9700E33979 /* FirebaseFirestoreSwift */; };
		2A412A4D297F2B9700E33979 /* FirebaseFunctions in Frameworks */ = {isa = PBXBuildFile; productRef = 2A412A4C297F2B9700E33979 /* FirebaseFunctions */; };
		2A412A4F297F2B9700E33979 /* FirebaseFunctionsCombine-Community in Frameworks */ = {isa = PBXBuildFile; productRef = 2A412A4E297F2B9700E33979 /* FirebaseFunctionsCombine-Community */; };
		2A412A51297F2B9700E33979 /* FirebaseInAppMessaging-Beta in Frameworks */ = {isa = PBXBuildFile; productRef = 2A412A50297F2B9700E33979 /* FirebaseInAppMessaging-Beta */; };
		2A412A53297F2B9800E33979 /* FirebaseInAppMessagingSwift-Beta in Frameworks */ = {isa = PBXBuildFile; productRef = 2A412A52297F2B9800E33979 /* FirebaseInAppMessagingSwift-Beta */; };
		2A412A55297F2B9800E33979 /* FirebaseInstallations in Frameworks */ = {isa = PBXBuildFile; productRef = 2A412A54297F2B9800E33979 /* FirebaseInstallations */; };
		2A412A57297F2B9800E33979 /* FirebaseMLModelDownloader in Frameworks */ = {isa = PBXBuildFile; productRef = 2A412A56297F2B9800E33979 /* FirebaseMLModelDownloader */; };
		2A412A59297F2B9800E33979 /* FirebaseMessaging in Frameworks */ = {isa = PBXBuildFile; productRef = 2A412A58297F2B9800E33979 /* FirebaseMessaging */; };
		2A412A5B297F2B9800E33979 /* FirebasePerformance in Frameworks */ = {isa = PBXBuildFile; productRef = 2A412A5A297F2B9800E33979 /* FirebasePerformance */; };
		2A412A5D297F2B9800E33979 /* FirebaseRemoteConfig in Frameworks */ = {isa = PBXBuildFile; productRef = 2A412A5C297F2B9800E33979 /* FirebaseRemoteConfig */; };
		2A412A5F297F2B9800E33979 /* FirebaseRemoteConfigSwift in Frameworks */ = {isa = PBXBuildFile; productRef = 2A412A5E297F2B9800E33979 /* FirebaseRemoteConfigSwift */; };
		2A412A61297F2B9800E33979 /* FirebaseStorage in Frameworks */ = {isa = PBXBuildFile; productRef = 2A412A60297F2B9800E33979 /* FirebaseStorage */; };
		2A412A63297F2B9800E33979 /* FirebaseStorageCombine-Community in Frameworks */ = {isa = PBXBuildFile; productRef = 2A412A62297F2B9800E33979 /* FirebaseStorageCombine-Community */; };
		2A412A67297F370200E33979 /* BaseAuthentication.swift in Sources */ = {isa = PBXBuildFile; fileRef = 2A412A66297F370200E33979 /* BaseAuthentication.swift */; };
		2A412A69297F370E00E33979 /* Authentication.swift in Sources */ = {isa = PBXBuildFile; fileRef = 2A412A68297F370E00E33979 /* Authentication.swift */; };
		2A412A6B297F371A00E33979 /* Filestorage.swift in Sources */ = {isa = PBXBuildFile; fileRef = 2A412A6A297F371A00E33979 /* Filestorage.swift */; };
		2A412A6E297F39A200E33979 /* EmailTextField.swift in Sources */ = {isa = PBXBuildFile; fileRef = 2A412A6D297F39A200E33979 /* EmailTextField.swift */; };
		2A412A70297F3A4100E33979 /* PasswordTextField.swift in Sources */ = {isa = PBXBuildFile; fileRef = 2A412A6F297F3A4100E33979 /* PasswordTextField.swift */; };
		2A412A72297F3A6300E33979 /* NameTextField.swift in Sources */ = {isa = PBXBuildFile; fileRef = 2A412A71297F3A6300E33979 /* NameTextField.swift */; };
		31208E91C03357F65CAFD45E /* Pods_BeardGramTests.framework in Frameworks */ = {isa = PBXBuildFile; fileRef = A7116BA5921DD8B29F9E36C5 /* Pods_BeardGramTests.framework */; };
		F5F0A8679D8CDCC26E1DA88D /* Pods_BeardGram.framework in Frameworks */ = {isa = PBXBuildFile; fileRef = 303C657FC8A59EA1C128E58F /* Pods_BeardGram.framework */; };
/* End PBXBuildFile section */

/* Begin PBXContainerItemProxy section */
		2A412A07297F0DEE00E33979 /* PBXContainerItemProxy */ = {
			isa = PBXContainerItemProxy;
			containerPortal = 2A4129E8297F0DEC00E33979 /* Project object */;
			proxyType = 1;
			remoteGlobalIDString = 2A4129EF297F0DEC00E33979;
			remoteInfo = BeardGram;
		};
		2A412A11297F0DEE00E33979 /* PBXContainerItemProxy */ = {
			isa = PBXContainerItemProxy;
			containerPortal = 2A4129E8297F0DEC00E33979 /* Project object */;
			proxyType = 1;
			remoteGlobalIDString = 2A4129EF297F0DEC00E33979;
			remoteInfo = BeardGram;
		};
/* End PBXContainerItemProxy section */

/* Begin PBXFileReference section */
		1E297EB896B30596143DDACD /* Pods_BeardGram_BeardGramUITests.framework */ = {isa = PBXFileReference; explicitFileType = wrapper.framework; includeInIndex = 0; path = Pods_BeardGram_BeardGramUITests.framework; sourceTree = BUILT_PRODUCTS_DIR; };
		2A1DDCD12981A83C00CA194F /* GoogleService-Info.plist */ = {isa = PBXFileReference; fileEncoding = 4; lastKnownFileType = text.plist.xml; name = "GoogleService-Info.plist"; path = "../../../GoogleService-Info.plist"; sourceTree = "<group>"; };
		2A1DDCD42981C41700CA194F /* BeardGram.entitlements */ = {isa = PBXFileReference; lastKnownFileType = text.plist.entitlements; path = BeardGram.entitlements; sourceTree = "<group>"; };
		2A1DDCD52981C8CF00CA194F /* PhoneSignUpVC.swift */ = {isa = PBXFileReference; lastKnownFileType = sourcecode.swift; path = PhoneSignUpVC.swift; sourceTree = "<group>"; };
		2A1DDCD72981CC7400CA194F /* AppleSignUpVC.swift */ = {isa = PBXFileReference; lastKnownFileType = sourcecode.swift; path = AppleSignUpVC.swift; sourceTree = "<group>"; };
		2A1DDCD92981CCD700CA194F /* FacebookSignUpVC.swift */ = {isa = PBXFileReference; lastKnownFileType = sourcecode.swift; path = FacebookSignUpVC.swift; sourceTree = "<group>"; };
		2A4129F0297F0DEC00E33979 /* BeardGram.app */ = {isa = PBXFileReference; explicitFileType = wrapper.application; includeInIndex = 0; path = BeardGram.app; sourceTree = BUILT_PRODUCTS_DIR; };
		2A4129F3297F0DEC00E33979 /* AppDelegate.swift */ = {isa = PBXFileReference; lastKnownFileType = sourcecode.swift; path = AppDelegate.swift; sourceTree = "<group>"; };
		2A4129F5297F0DEC00E33979 /* SceneDelegate.swift */ = {isa = PBXFileReference; lastKnownFileType = sourcecode.swift; path = SceneDelegate.swift; sourceTree = "<group>"; };
		2A4129F7297F0DEC00E33979 /* ViewController.swift */ = {isa = PBXFileReference; lastKnownFileType = sourcecode.swift; path = ViewController.swift; sourceTree = "<group>"; };
		2A4129FA297F0DEC00E33979 /* Base */ = {isa = PBXFileReference; lastKnownFileType = file.storyboard; name = Base; path = Base.lproj/Main.storyboard; sourceTree = "<group>"; };
		2A4129FC297F0DEE00E33979 /* Assets.xcassets */ = {isa = PBXFileReference; lastKnownFileType = folder.assetcatalog; path = Assets.xcassets; sourceTree = "<group>"; };
		2A4129FF297F0DEE00E33979 /* Base */ = {isa = PBXFileReference; lastKnownFileType = file.storyboard; name = Base; path = Base.lproj/LaunchScreen.storyboard; sourceTree = "<group>"; };
		2A412A01297F0DEE00E33979 /* Info.plist */ = {isa = PBXFileReference; lastKnownFileType = text.plist.xml; path = Info.plist; sourceTree = "<group>"; };
		2A412A06297F0DEE00E33979 /* BeardGramTests.xctest */ = {isa = PBXFileReference; explicitFileType = wrapper.cfbundle; includeInIndex = 0; path = BeardGramTests.xctest; sourceTree = BUILT_PRODUCTS_DIR; };
		2A412A0A297F0DEE00E33979 /* BeardGramTests.swift */ = {isa = PBXFileReference; lastKnownFileType = sourcecode.swift; path = BeardGramTests.swift; sourceTree = "<group>"; };
		2A412A10297F0DEE00E33979 /* BeardGramUITests.xctest */ = {isa = PBXFileReference; explicitFileType = wrapper.cfbundle; includeInIndex = 0; path = BeardGramUITests.xctest; sourceTree = BUILT_PRODUCTS_DIR; };
		2A412A14297F0DEE00E33979 /* BeardGramUITests.swift */ = {isa = PBXFileReference; lastKnownFileType = sourcecode.swift; path = BeardGramUITests.swift; sourceTree = "<group>"; };
		2A412A16297F0DEE00E33979 /* BeardGramUITestsLaunchTests.swift */ = {isa = PBXFileReference; lastKnownFileType = sourcecode.swift; path = BeardGramUITestsLaunchTests.swift; sourceTree = "<group>"; };
		2A412A25297F1B2500E33979 /* WellcomeVC.swift */ = {isa = PBXFileReference; lastKnownFileType = sourcecode.swift; path = WellcomeVC.swift; sourceTree = "<group>"; };
		2A412A27297F245100E33979 /* HomeVC.swift */ = {isa = PBXFileReference; lastKnownFileType = sourcecode.swift; path = HomeVC.swift; sourceTree = "<group>"; };
		2A412A29297F294C00E33979 /* SignUpVC.swift */ = {isa = PBXFileReference; lastKnownFileType = sourcecode.swift; path = SignUpVC.swift; sourceTree = "<group>"; };
		2A412A66297F370200E33979 /* BaseAuthentication.swift */ = {isa = PBXFileReference; lastKnownFileType = sourcecode.swift; path = BaseAuthentication.swift; sourceTree = "<group>"; };
		2A412A68297F370E00E33979 /* Authentication.swift */ = {isa = PBXFileReference; lastKnownFileType = sourcecode.swift; path = Authentication.swift; sourceTree = "<group>"; };
		2A412A6A297F371A00E33979 /* Filestorage.swift */ = {isa = PBXFileReference; lastKnownFileType = sourcecode.swift; path = Filestorage.swift; sourceTree = "<group>"; };
		2A412A6D297F39A200E33979 /* EmailTextField.swift */ = {isa = PBXFileReference; lastKnownFileType = sourcecode.swift; path = EmailTextField.swift; sourceTree = "<group>"; };
		2A412A6F297F3A4100E33979 /* PasswordTextField.swift */ = {isa = PBXFileReference; lastKnownFileType = sourcecode.swift; path = PasswordTextField.swift; sourceTree = "<group>"; };
		2A412A71297F3A6300E33979 /* NameTextField.swift */ = {isa = PBXFileReference; lastKnownFileType = sourcecode.swift; path = NameTextField.swift; sourceTree = "<group>"; };
		2DFF4A76DB7EB40EA2C25A17 /* Pods-BeardGram.release.xcconfig */ = {isa = PBXFileReference; includeInIndex = 1; lastKnownFileType = text.xcconfig; name = "Pods-BeardGram.release.xcconfig"; path = "Target Support Files/Pods-BeardGram/Pods-BeardGram.release.xcconfig"; sourceTree = "<group>"; };
		300AA92962871EFCC074AB2B /* Pods-BeardGram-BeardGramUITests.debug.xcconfig */ = {isa = PBXFileReference; includeInIndex = 1; lastKnownFileType = text.xcconfig; name = "Pods-BeardGram-BeardGramUITests.debug.xcconfig"; path = "Target Support Files/Pods-BeardGram-BeardGramUITests/Pods-BeardGram-BeardGramUITests.debug.xcconfig"; sourceTree = "<group>"; };
		303C657FC8A59EA1C128E58F /* Pods_BeardGram.framework */ = {isa = PBXFileReference; explicitFileType = wrapper.framework; includeInIndex = 0; path = Pods_BeardGram.framework; sourceTree = BUILT_PRODUCTS_DIR; };
		350D17508D50991D045A56D9 /* Pods-BeardGram-BeardGramUITests.release.xcconfig */ = {isa = PBXFileReference; includeInIndex = 1; lastKnownFileType = text.xcconfig; name = "Pods-BeardGram-BeardGramUITests.release.xcconfig"; path = "Target Support Files/Pods-BeardGram-BeardGramUITests/Pods-BeardGram-BeardGramUITests.release.xcconfig"; sourceTree = "<group>"; };
		6DFD0B89298158E30043A50B /* Debug.xcconfig */ = {isa = PBXFileReference; lastKnownFileType = text.xcconfig; path = Debug.xcconfig; sourceTree = "<group>"; };
		6DFD0B8A298158EE0043A50B /* Release.xcconfig */ = {isa = PBXFileReference; lastKnownFileType = text.xcconfig; path = Release.xcconfig; sourceTree = "<group>"; };
		878E02D53AA54EF5099F7849 /* Pods-BeardGram.debug.xcconfig */ = {isa = PBXFileReference; includeInIndex = 1; lastKnownFileType = text.xcconfig; name = "Pods-BeardGram.debug.xcconfig"; path = "Target Support Files/Pods-BeardGram/Pods-BeardGram.debug.xcconfig"; sourceTree = "<group>"; };
		9A06E6C6619D894C3E220DFA /* Pods-BeardGramTests.release.xcconfig */ = {isa = PBXFileReference; includeInIndex = 1; lastKnownFileType = text.xcconfig; name = "Pods-BeardGramTests.release.xcconfig"; path = "Target Support Files/Pods-BeardGramTests/Pods-BeardGramTests.release.xcconfig"; sourceTree = "<group>"; };
		A7116BA5921DD8B29F9E36C5 /* Pods_BeardGramTests.framework */ = {isa = PBXFileReference; explicitFileType = wrapper.framework; includeInIndex = 0; path = Pods_BeardGramTests.framework; sourceTree = BUILT_PRODUCTS_DIR; };
		A9220F9BD21BA82248821E49 /* Pods-BeardGramTests.debug.xcconfig */ = {isa = PBXFileReference; includeInIndex = 1; lastKnownFileType = text.xcconfig; name = "Pods-BeardGramTests.debug.xcconfig"; path = "Target Support Files/Pods-BeardGramTests/Pods-BeardGramTests.debug.xcconfig"; sourceTree = "<group>"; };
/* End PBXFileReference section */

/* Begin PBXFrameworksBuildPhase section */
		2A4129ED297F0DEC00E33979 /* Frameworks */ = {
			isa = PBXFrameworksBuildPhase;
			buildActionMask = 2147483647;
			files = (
				2A412A41297F2B9700E33979 /* FirebaseDatabase in Frameworks */,
				2A412A4F297F2B9700E33979 /* FirebaseFunctionsCombine-Community in Frameworks */,
				2A412A47297F2B9700E33979 /* FirebaseFirestore in Frameworks */,
				2A412A33297F2B9700E33979 /* FirebaseAnalyticsSwift in Frameworks */,
				2A412A2F297F2B9700E33979 /* FirebaseAnalytics in Frameworks */,
				2A412A31297F2B9700E33979 /* FirebaseAnalyticsOnDeviceConversion in Frameworks */,
				2A412A57297F2B9800E33979 /* FirebaseMLModelDownloader in Frameworks */,
				2A412A4B297F2B9700E33979 /* FirebaseFirestoreSwift in Frameworks */,
				2A412A37297F2B9700E33979 /* FirebaseAppCheck in Frameworks */,
				2A412A35297F2B9700E33979 /* FirebaseAnalyticsWithoutAdIdSupport in Frameworks */,
				2A412A3B297F2B9700E33979 /* FirebaseAuth in Frameworks */,
				2A412A3F297F2B9700E33979 /* FirebaseCrashlytics in Frameworks */,
				2A412A5F297F2B9800E33979 /* FirebaseRemoteConfigSwift in Frameworks */,
				2A412A51297F2B9700E33979 /* FirebaseInAppMessaging-Beta in Frameworks */,
				2A412A43297F2B9700E33979 /* FirebaseDatabaseSwift in Frameworks */,
				2A412A4D297F2B9700E33979 /* FirebaseFunctions in Frameworks */,
				2A412A63297F2B9800E33979 /* FirebaseStorageCombine-Community in Frameworks */,
				2A412A5D297F2B9800E33979 /* FirebaseRemoteConfig in Frameworks */,
				2A412A39297F2B9700E33979 /* FirebaseAppDistribution-Beta in Frameworks */,
				2A412A3D297F2B9700E33979 /* FirebaseAuthCombine-Community in Frameworks */,
				2A412A5B297F2B9800E33979 /* FirebasePerformance in Frameworks */,
				2A412A53297F2B9800E33979 /* FirebaseInAppMessagingSwift-Beta in Frameworks */,
				2A412A61297F2B9800E33979 /* FirebaseStorage in Frameworks */,
				2A412A45297F2B9700E33979 /* FirebaseDynamicLinks in Frameworks */,
				2A412A49297F2B9700E33979 /* FirebaseFirestoreCombine-Community in Frameworks */,
				2A412A59297F2B9800E33979 /* FirebaseMessaging in Frameworks */,
				2A412A55297F2B9800E33979 /* FirebaseInstallations in Frameworks */,
				F5F0A8679D8CDCC26E1DA88D /* Pods_BeardGram.framework in Frameworks */,
			);
			runOnlyForDeploymentPostprocessing = 0;
		};
		2A412A03297F0DEE00E33979 /* Frameworks */ = {
			isa = PBXFrameworksBuildPhase;
			buildActionMask = 2147483647;
			files = (
				31208E91C03357F65CAFD45E /* Pods_BeardGramTests.framework in Frameworks */,
			);
			runOnlyForDeploymentPostprocessing = 0;
		};
		2A412A0D297F0DEE00E33979 /* Frameworks */ = {
			isa = PBXFrameworksBuildPhase;
			buildActionMask = 2147483647;
			files = (
				252BEE179D7198CEEF2F7C09 /* Pods_BeardGram_BeardGramUITests.framework in Frameworks */,
			);
			runOnlyForDeploymentPostprocessing = 0;
		};
/* End PBXFrameworksBuildPhase section */

/* Begin PBXGroup section */
		2A4129E7297F0DEC00E33979 = {
			isa = PBXGroup;
			children = (
				6DFD0B88298158C30043A50B /* Configs */,
				2A4129F2297F0DEC00E33979 /* BeardGram */,
				2A412A09297F0DEE00E33979 /* BeardGramTests */,
				2A412A13297F0DEE00E33979 /* BeardGramUITests */,
				2A4129F1297F0DEC00E33979 /* Products */,
				B48FC8E023BA377E64035A73 /* Pods */,
				BA5A39E62C35C9D7B7F000F9 /* Frameworks */,
			);
			sourceTree = "<group>";
		};
		2A4129F1297F0DEC00E33979 /* Products */ = {
			isa = PBXGroup;
			children = (
				2A4129F0297F0DEC00E33979 /* BeardGram.app */,
				2A412A06297F0DEE00E33979 /* BeardGramTests.xctest */,
				2A412A10297F0DEE00E33979 /* BeardGramUITests.xctest */,
			);
			name = Products;
			sourceTree = "<group>";
		};
		2A4129F2297F0DEC00E33979 /* BeardGram */ = {
			isa = PBXGroup;
			children = (
				2A1DDCD42981C41700CA194F /* BeardGram.entitlements */,
				2A412A6C297F398800E33979 /* Fields */,
				2A412A65297F36E200E33979 /* Common */,
				2A412A64297F36CE00E33979 /* Services */,
				2A412A24297F107200E33979 /* VC */,
				2A412A23297F106300E33979 /* Screens */,
				2A4129F3297F0DEC00E33979 /* AppDelegate.swift */,
				2A4129F5297F0DEC00E33979 /* SceneDelegate.swift */,
				2A4129FC297F0DEE00E33979 /* Assets.xcassets */,
				2A4129FE297F0DEE00E33979 /* LaunchScreen.storyboard */,
				2A412A01297F0DEE00E33979 /* Info.plist */,
				2A1DDCD12981A83C00CA194F /* GoogleService-Info.plist */,
			);
			path = BeardGram;
			sourceTree = "<group>";
		};
		2A412A09297F0DEE00E33979 /* BeardGramTests */ = {
			isa = PBXGroup;
			children = (
				2A412A0A297F0DEE00E33979 /* BeardGramTests.swift */,
			);
			path = BeardGramTests;
			sourceTree = "<group>";
		};
		2A412A13297F0DEE00E33979 /* BeardGramUITests */ = {
			isa = PBXGroup;
			children = (
				2A412A14297F0DEE00E33979 /* BeardGramUITests.swift */,
				2A412A16297F0DEE00E33979 /* BeardGramUITestsLaunchTests.swift */,
			);
			path = BeardGramUITests;
			sourceTree = "<group>";
		};
		2A412A23297F106300E33979 /* Screens */ = {
			isa = PBXGroup;
			children = (
				2A4129F9297F0DEC00E33979 /* Main.storyboard */,
			);
			path = Screens;
			sourceTree = "<group>";
		};
		2A412A24297F107200E33979 /* VC */ = {
			isa = PBXGroup;
			children = (
				2A4129F7297F0DEC00E33979 /* ViewController.swift */,
				2A412A29297F294C00E33979 /* SignUpVC.swift */,
				2A412A25297F1B2500E33979 /* WellcomeVC.swift */,
				2A412A27297F245100E33979 /* HomeVC.swift */,
				2A1DDCD52981C8CF00CA194F /* PhoneSignUpVC.swift */,
				2A1DDCD72981CC7400CA194F /* AppleSignUpVC.swift */,
				2A1DDCD92981CCD700CA194F /* FacebookSignUpVC.swift */,
			);
			path = VC;
			sourceTree = "<group>";
		};
		2A412A64297F36CE00E33979 /* Services */ = {
			isa = PBXGroup;
			children = (
				2A412A68297F370E00E33979 /* Authentication.swift */,
				2A412A6A297F371A00E33979 /* Filestorage.swift */,
			);
			path = Services;
			sourceTree = "<group>";
		};
		2A412A65297F36E200E33979 /* Common */ = {
			isa = PBXGroup;
			children = (
				2A412A66297F370200E33979 /* BaseAuthentication.swift */,
			);
			path = Common;
			sourceTree = "<group>";
		};
		2A412A6C297F398800E33979 /* Fields */ = {
			isa = PBXGroup;
			children = (
				2A412A6D297F39A200E33979 /* EmailTextField.swift */,
				2A412A6F297F3A4100E33979 /* PasswordTextField.swift */,
				2A412A71297F3A6300E33979 /* NameTextField.swift */,
			);
			path = Fields;
			sourceTree = "<group>";
		};
		6DFD0B88298158C30043A50B /* Configs */ = {
			isa = PBXGroup;
			children = (
				6DFD0B89298158E30043A50B /* Debug.xcconfig */,
				6DFD0B8A298158EE0043A50B /* Release.xcconfig */,
			);
			path = Configs;
			sourceTree = "<group>";
		};
		B48FC8E023BA377E64035A73 /* Pods */ = {
			isa = PBXGroup;
			children = (
				878E02D53AA54EF5099F7849 /* Pods-BeardGram.debug.xcconfig */,
				2DFF4A76DB7EB40EA2C25A17 /* Pods-BeardGram.release.xcconfig */,
				300AA92962871EFCC074AB2B /* Pods-BeardGram-BeardGramUITests.debug.xcconfig */,
				350D17508D50991D045A56D9 /* Pods-BeardGram-BeardGramUITests.release.xcconfig */,
				A9220F9BD21BA82248821E49 /* Pods-BeardGramTests.debug.xcconfig */,
				9A06E6C6619D894C3E220DFA /* Pods-BeardGramTests.release.xcconfig */,
			);
			name = Pods;
			path = Pods;
			sourceTree = "<group>";
		};
		BA5A39E62C35C9D7B7F000F9 /* Frameworks */ = {
			isa = PBXGroup;
			children = (
				303C657FC8A59EA1C128E58F /* Pods_BeardGram.framework */,
				1E297EB896B30596143DDACD /* Pods_BeardGram_BeardGramUITests.framework */,
				A7116BA5921DD8B29F9E36C5 /* Pods_BeardGramTests.framework */,
			);
			name = Frameworks;
			sourceTree = "<group>";
		};
/* End PBXGroup section */

/* Begin PBXNativeTarget section */
		2A4129EF297F0DEC00E33979 /* BeardGram */ = {
			isa = PBXNativeTarget;
			buildConfigurationList = 2A412A1A297F0DEE00E33979 /* Build configuration list for PBXNativeTarget "BeardGram" */;
			buildPhases = (
				F5CB38141510DB33C8B40A39 /* [CP] Check Pods Manifest.lock */,
				2A4129EC297F0DEC00E33979 /* Sources */,
				2A4129ED297F0DEC00E33979 /* Frameworks */,
				2A4129EE297F0DEC00E33979 /* Resources */,
				81236AD735CCB136040B5313 /* [CP] Embed Pods Frameworks */,
			);
			buildRules = (
			);
			dependencies = (
			);
			name = BeardGram;
			packageProductDependencies = (
				2A412A2E297F2B9700E33979 /* FirebaseAnalytics */,
				2A412A30297F2B9700E33979 /* FirebaseAnalyticsOnDeviceConversion */,
				2A412A32297F2B9700E33979 /* FirebaseAnalyticsSwift */,
				2A412A34297F2B9700E33979 /* FirebaseAnalyticsWithoutAdIdSupport */,
				2A412A36297F2B9700E33979 /* FirebaseAppCheck */,
				2A412A38297F2B9700E33979 /* FirebaseAppDistribution-Beta */,
				2A412A3A297F2B9700E33979 /* FirebaseAuth */,
				2A412A3C297F2B9700E33979 /* FirebaseAuthCombine-Community */,
				2A412A3E297F2B9700E33979 /* FirebaseCrashlytics */,
				2A412A40297F2B9700E33979 /* FirebaseDatabase */,
				2A412A42297F2B9700E33979 /* FirebaseDatabaseSwift */,
				2A412A44297F2B9700E33979 /* FirebaseDynamicLinks */,
				2A412A46297F2B9700E33979 /* FirebaseFirestore */,
				2A412A48297F2B9700E33979 /* FirebaseFirestoreCombine-Community */,
				2A412A4A297F2B9700E33979 /* FirebaseFirestoreSwift */,
				2A412A4C297F2B9700E33979 /* FirebaseFunctions */,
				2A412A4E297F2B9700E33979 /* FirebaseFunctionsCombine-Community */,
				2A412A50297F2B9700E33979 /* FirebaseInAppMessaging-Beta */,
				2A412A52297F2B9800E33979 /* FirebaseInAppMessagingSwift-Beta */,
				2A412A54297F2B9800E33979 /* FirebaseInstallations */,
				2A412A56297F2B9800E33979 /* FirebaseMLModelDownloader */,
				2A412A58297F2B9800E33979 /* FirebaseMessaging */,
				2A412A5A297F2B9800E33979 /* FirebasePerformance */,
				2A412A5C297F2B9800E33979 /* FirebaseRemoteConfig */,
				2A412A5E297F2B9800E33979 /* FirebaseRemoteConfigSwift */,
				2A412A60297F2B9800E33979 /* FirebaseStorage */,
				2A412A62297F2B9800E33979 /* FirebaseStorageCombine-Community */,
			);
			productName = BeardGram;
			productReference = 2A4129F0297F0DEC00E33979 /* BeardGram.app */;
			productType = "com.apple.product-type.application";
		};
		2A412A05297F0DEE00E33979 /* BeardGramTests */ = {
			isa = PBXNativeTarget;
			buildConfigurationList = 2A412A1D297F0DEE00E33979 /* Build configuration list for PBXNativeTarget "BeardGramTests" */;
			buildPhases = (
				B017A443BC8DF9605648FE6E /* [CP] Check Pods Manifest.lock */,
				2A412A02297F0DEE00E33979 /* Sources */,
				2A412A03297F0DEE00E33979 /* Frameworks */,
				2A412A04297F0DEE00E33979 /* Resources */,
			);
			buildRules = (
			);
			dependencies = (
				2A412A08297F0DEE00E33979 /* PBXTargetDependency */,
			);
			name = BeardGramTests;
			productName = BeardGramTests;
			productReference = 2A412A06297F0DEE00E33979 /* BeardGramTests.xctest */;
			productType = "com.apple.product-type.bundle.unit-test";
		};
		2A412A0F297F0DEE00E33979 /* BeardGramUITests */ = {
			isa = PBXNativeTarget;
			buildConfigurationList = 2A412A20297F0DEE00E33979 /* Build configuration list for PBXNativeTarget "BeardGramUITests" */;
			buildPhases = (
				33B66A35E9DF215D26513DC0 /* [CP] Check Pods Manifest.lock */,
				2A412A0C297F0DEE00E33979 /* Sources */,
				2A412A0D297F0DEE00E33979 /* Frameworks */,
				2A412A0E297F0DEE00E33979 /* Resources */,
				DD1D4E9C790E2E1F94468109 /* [CP] Embed Pods Frameworks */,
			);
			buildRules = (
			);
			dependencies = (
				2A412A12297F0DEE00E33979 /* PBXTargetDependency */,
			);
			name = BeardGramUITests;
			productName = BeardGramUITests;
			productReference = 2A412A10297F0DEE00E33979 /* BeardGramUITests.xctest */;
			productType = "com.apple.product-type.bundle.ui-testing";
		};
/* End PBXNativeTarget section */

/* Begin PBXProject section */
		2A4129E8297F0DEC00E33979 /* Project object */ = {
			isa = PBXProject;
			attributes = {
				BuildIndependentTargetsInParallel = 1;
				LastSwiftUpdateCheck = 1420;
				LastUpgradeCheck = 1420;
				TargetAttributes = {
					2A4129EF297F0DEC00E33979 = {
						CreatedOnToolsVersion = 14.2;
					};
					2A412A05297F0DEE00E33979 = {
						CreatedOnToolsVersion = 14.2;
						TestTargetID = 2A4129EF297F0DEC00E33979;
					};
					2A412A0F297F0DEE00E33979 = {
						CreatedOnToolsVersion = 14.2;
						TestTargetID = 2A4129EF297F0DEC00E33979;
					};
				};
			};
			buildConfigurationList = 2A4129EB297F0DEC00E33979 /* Build configuration list for PBXProject "BeardGram" */;
			compatibilityVersion = "Xcode 14.0";
			developmentRegion = en;
			hasScannedForEncodings = 0;
			knownRegions = (
				en,
				Base,
			);
			mainGroup = 2A4129E7297F0DEC00E33979;
			packageReferences = (
				2A412A2D297F2B9700E33979 /* XCRemoteSwiftPackageReference "firebase-ios-sdk" */,
				2A1DDCDB2981D2DE00CA194F /* XCRemoteSwiftPackageReference "FlagPhoneNumber.git" */,
			);
			productRefGroup = 2A4129F1297F0DEC00E33979 /* Products */;
			projectDirPath = "";
			projectRoot = "";
			targets = (
				2A4129EF297F0DEC00E33979 /* BeardGram */,
				2A412A05297F0DEE00E33979 /* BeardGramTests */,
				2A412A0F297F0DEE00E33979 /* BeardGramUITests */,
			);
		};
/* End PBXProject section */

/* Begin PBXResourcesBuildPhase section */
		2A4129EE297F0DEC00E33979 /* Resources */ = {
			isa = PBXResourcesBuildPhase;
			buildActionMask = 2147483647;
			files = (
				2A412A00297F0DEE00E33979 /* LaunchScreen.storyboard in Resources */,
				2A1DDCD22981A83C00CA194F /* GoogleService-Info.plist in Resources */,
				2A4129FD297F0DEE00E33979 /* Assets.xcassets in Resources */,
				2A4129FB297F0DEC00E33979 /* Main.storyboard in Resources */,
			);
			runOnlyForDeploymentPostprocessing = 0;
		};
		2A412A04297F0DEE00E33979 /* Resources */ = {
			isa = PBXResourcesBuildPhase;
			buildActionMask = 2147483647;
			files = (
			);
			runOnlyForDeploymentPostprocessing = 0;
		};
		2A412A0E297F0DEE00E33979 /* Resources */ = {
			isa = PBXResourcesBuildPhase;
			buildActionMask = 2147483647;
			files = (
			);
			runOnlyForDeploymentPostprocessing = 0;
		};
/* End PBXResourcesBuildPhase section */

/* Begin PBXShellScriptBuildPhase section */
		33B66A35E9DF215D26513DC0 /* [CP] Check Pods Manifest.lock */ = {
			isa = PBXShellScriptBuildPhase;
			buildActionMask = 2147483647;
			files = (
			);
			inputFileListPaths = (
			);
			inputPaths = (
				"${PODS_PODFILE_DIR_PATH}/Podfile.lock",
				"${PODS_ROOT}/Manifest.lock",
			);
			name = "[CP] Check Pods Manifest.lock";
			outputFileListPaths = (
			);
			outputPaths = (
				"$(DERIVED_FILE_DIR)/Pods-BeardGram-BeardGramUITests-checkManifestLockResult.txt",
			);
			runOnlyForDeploymentPostprocessing = 0;
			shellPath = /bin/sh;
			shellScript = "diff \"${PODS_PODFILE_DIR_PATH}/Podfile.lock\" \"${PODS_ROOT}/Manifest.lock\" > /dev/null\nif [ $? != 0 ] ; then\n    # print error to STDERR\n    echo \"error: The sandbox is not in sync with the Podfile.lock. Run 'pod install' or update your CocoaPods installation.\" >&2\n    exit 1\nfi\n# This output is used by Xcode 'outputs' to avoid re-running this script phase.\necho \"SUCCESS\" > \"${SCRIPT_OUTPUT_FILE_0}\"\n";
			showEnvVarsInLog = 0;
		};
		81236AD735CCB136040B5313 /* [CP] Embed Pods Frameworks */ = {
			isa = PBXShellScriptBuildPhase;
			buildActionMask = 2147483647;
			files = (
			);
			inputFileListPaths = (
				"${PODS_ROOT}/Target Support Files/Pods-BeardGram/Pods-BeardGram-frameworks-${CONFIGURATION}-input-files.xcfilelist",
			);
			name = "[CP] Embed Pods Frameworks";
			outputFileListPaths = (
				"${PODS_ROOT}/Target Support Files/Pods-BeardGram/Pods-BeardGram-frameworks-${CONFIGURATION}-output-files.xcfilelist",
			);
			runOnlyForDeploymentPostprocessing = 0;
			shellPath = /bin/sh;
			shellScript = "\"${PODS_ROOT}/Target Support Files/Pods-BeardGram/Pods-BeardGram-frameworks.sh\"\n";
			showEnvVarsInLog = 0;
		};
		B017A443BC8DF9605648FE6E /* [CP] Check Pods Manifest.lock */ = {
			isa = PBXShellScriptBuildPhase;
			buildActionMask = 2147483647;
			files = (
			);
			inputFileListPaths = (
			);
			inputPaths = (
				"${PODS_PODFILE_DIR_PATH}/Podfile.lock",
				"${PODS_ROOT}/Manifest.lock",
			);
			name = "[CP] Check Pods Manifest.lock";
			outputFileListPaths = (
			);
			outputPaths = (
				"$(DERIVED_FILE_DIR)/Pods-BeardGramTests-checkManifestLockResult.txt",
			);
			runOnlyForDeploymentPostprocessing = 0;
			shellPath = /bin/sh;
			shellScript = "diff \"${PODS_PODFILE_DIR_PATH}/Podfile.lock\" \"${PODS_ROOT}/Manifest.lock\" > /dev/null\nif [ $? != 0 ] ; then\n    # print error to STDERR\n    echo \"error: The sandbox is not in sync with the Podfile.lock. Run 'pod install' or update your CocoaPods installation.\" >&2\n    exit 1\nfi\n# This output is used by Xcode 'outputs' to avoid re-running this script phase.\necho \"SUCCESS\" > \"${SCRIPT_OUTPUT_FILE_0}\"\n";
			showEnvVarsInLog = 0;
		};
		DD1D4E9C790E2E1F94468109 /* [CP] Embed Pods Frameworks */ = {
			isa = PBXShellScriptBuildPhase;
			buildActionMask = 2147483647;
			files = (
			);
			inputFileListPaths = (
				"${PODS_ROOT}/Target Support Files/Pods-BeardGram-BeardGramUITests/Pods-BeardGram-BeardGramUITests-frameworks-${CONFIGURATION}-input-files.xcfilelist",
			);
			name = "[CP] Embed Pods Frameworks";
			outputFileListPaths = (
				"${PODS_ROOT}/Target Support Files/Pods-BeardGram-BeardGramUITests/Pods-BeardGram-BeardGramUITests-frameworks-${CONFIGURATION}-output-files.xcfilelist",
			);
			runOnlyForDeploymentPostprocessing = 0;
			shellPath = /bin/sh;
			shellScript = "\"${PODS_ROOT}/Target Support Files/Pods-BeardGram-BeardGramUITests/Pods-BeardGram-BeardGramUITests-frameworks.sh\"\n";
			showEnvVarsInLog = 0;
		};
		F5CB38141510DB33C8B40A39 /* [CP] Check Pods Manifest.lock */ = {
			isa = PBXShellScriptBuildPhase;
			buildActionMask = 2147483647;
			files = (
			);
			inputFileListPaths = (
			);
			inputPaths = (
				"${PODS_PODFILE_DIR_PATH}/Podfile.lock",
				"${PODS_ROOT}/Manifest.lock",
			);
			name = "[CP] Check Pods Manifest.lock";
			outputFileListPaths = (
			);
			outputPaths = (
				"$(DERIVED_FILE_DIR)/Pods-BeardGram-checkManifestLockResult.txt",
			);
			runOnlyForDeploymentPostprocessing = 0;
			shellPath = /bin/sh;
			shellScript = "diff \"${PODS_PODFILE_DIR_PATH}/Podfile.lock\" \"${PODS_ROOT}/Manifest.lock\" > /dev/null\nif [ $? != 0 ] ; then\n    # print error to STDERR\n    echo \"error: The sandbox is not in sync with the Podfile.lock. Run 'pod install' or update your CocoaPods installation.\" >&2\n    exit 1\nfi\n# This output is used by Xcode 'outputs' to avoid re-running this script phase.\necho \"SUCCESS\" > \"${SCRIPT_OUTPUT_FILE_0}\"\n";
			showEnvVarsInLog = 0;
		};
/* End PBXShellScriptBuildPhase section */

/* Begin PBXSourcesBuildPhase section */
		2A4129EC297F0DEC00E33979 /* Sources */ = {
			isa = PBXSourcesBuildPhase;
			buildActionMask = 2147483647;
			files = (
				2A412A72297F3A6300E33979 /* NameTextField.swift in Sources */,
				2A1DDCDA2981CCD700CA194F /* FacebookSignUpVC.swift in Sources */,
				2A1DDCD82981CC7400CA194F /* AppleSignUpVC.swift in Sources */,
				2A412A26297F1B2500E33979 /* WellcomeVC.swift in Sources */,
				2A412A28297F245100E33979 /* HomeVC.swift in Sources */,
				2A412A6E297F39A200E33979 /* EmailTextField.swift in Sources */,
				2A4129F8297F0DEC00E33979 /* ViewController.swift in Sources */,
				2A412A67297F370200E33979 /* BaseAuthentication.swift in Sources */,
				2A412A6B297F371A00E33979 /* Filestorage.swift in Sources */,
				2A4129F4297F0DEC00E33979 /* AppDelegate.swift in Sources */,
				2A412A2A297F294C00E33979 /* SignUpVC.swift in Sources */,
				2A4129F6297F0DEC00E33979 /* SceneDelegate.swift in Sources */,
				2A412A70297F3A4100E33979 /* PasswordTextField.swift in Sources */,
				2A412A69297F370E00E33979 /* Authentication.swift in Sources */,
				2A1DDCD62981C8CF00CA194F /* PhoneSignUpVC.swift in Sources */,
			);
			runOnlyForDeploymentPostprocessing = 0;
		};
		2A412A02297F0DEE00E33979 /* Sources */ = {
			isa = PBXSourcesBuildPhase;
			buildActionMask = 2147483647;
			files = (
				2A412A0B297F0DEE00E33979 /* BeardGramTests.swift in Sources */,
			);
			runOnlyForDeploymentPostprocessing = 0;
		};
		2A412A0C297F0DEE00E33979 /* Sources */ = {
			isa = PBXSourcesBuildPhase;
			buildActionMask = 2147483647;
			files = (
				2A412A17297F0DEE00E33979 /* BeardGramUITestsLaunchTests.swift in Sources */,
				2A412A15297F0DEE00E33979 /* BeardGramUITests.swift in Sources */,
			);
			runOnlyForDeploymentPostprocessing = 0;
		};
/* End PBXSourcesBuildPhase section */

/* Begin PBXTargetDependency section */
		2A412A08297F0DEE00E33979 /* PBXTargetDependency */ = {
			isa = PBXTargetDependency;
			target = 2A4129EF297F0DEC00E33979 /* BeardGram */;
			targetProxy = 2A412A07297F0DEE00E33979 /* PBXContainerItemProxy */;
		};
		2A412A12297F0DEE00E33979 /* PBXTargetDependency */ = {
			isa = PBXTargetDependency;
			target = 2A4129EF297F0DEC00E33979 /* BeardGram */;
			targetProxy = 2A412A11297F0DEE00E33979 /* PBXContainerItemProxy */;
		};
/* End PBXTargetDependency section */

/* Begin PBXVariantGroup section */
		2A4129F9297F0DEC00E33979 /* Main.storyboard */ = {
			isa = PBXVariantGroup;
			children = (
				2A4129FA297F0DEC00E33979 /* Base */,
			);
			name = Main.storyboard;
			sourceTree = "<group>";
		};
		2A4129FE297F0DEE00E33979 /* LaunchScreen.storyboard */ = {
			isa = PBXVariantGroup;
			children = (
				2A4129FF297F0DEE00E33979 /* Base */,
			);
			name = LaunchScreen.storyboard;
			sourceTree = "<group>";
		};
/* End PBXVariantGroup section */

/* Begin XCBuildConfiguration section */
		2A412A18297F0DEE00E33979 /* Debug */ = {
			isa = XCBuildConfiguration;
			buildSettings = {
				ALWAYS_SEARCH_USER_PATHS = NO;
				CLANG_ANALYZER_NONNULL = YES;
				CLANG_ANALYZER_NUMBER_OBJECT_CONVERSION = YES_AGGRESSIVE;
				CLANG_CXX_LANGUAGE_STANDARD = "gnu++20";
				CLANG_ENABLE_MODULES = YES;
				CLANG_ENABLE_OBJC_ARC = YES;
				CLANG_ENABLE_OBJC_WEAK = YES;
				CLANG_WARN_BLOCK_CAPTURE_AUTORELEASING = YES;
				CLANG_WARN_BOOL_CONVERSION = YES;
				CLANG_WARN_COMMA = YES;
				CLANG_WARN_CONSTANT_CONVERSION = YES;
				CLANG_WARN_DEPRECATED_OBJC_IMPLEMENTATIONS = YES;
				CLANG_WARN_DIRECT_OBJC_ISA_USAGE = YES_ERROR;
				CLANG_WARN_DOCUMENTATION_COMMENTS = YES;
				CLANG_WARN_EMPTY_BODY = YES;
				CLANG_WARN_ENUM_CONVERSION = YES;
				CLANG_WARN_INFINITE_RECURSION = YES;
				CLANG_WARN_INT_CONVERSION = YES;
				CLANG_WARN_NON_LITERAL_NULL_CONVERSION = YES;
				CLANG_WARN_OBJC_IMPLICIT_RETAIN_SELF = YES;
				CLANG_WARN_OBJC_LITERAL_CONVERSION = YES;
				CLANG_WARN_OBJC_ROOT_CLASS = YES_ERROR;
				CLANG_WARN_QUOTED_INCLUDE_IN_FRAMEWORK_HEADER = YES;
				CLANG_WARN_RANGE_LOOP_ANALYSIS = YES;
				CLANG_WARN_STRICT_PROTOTYPES = YES;
				CLANG_WARN_SUSPICIOUS_MOVE = YES;
				CLANG_WARN_UNGUARDED_AVAILABILITY = YES_AGGRESSIVE;
				CLANG_WARN_UNREACHABLE_CODE = YES;
				CLANG_WARN__DUPLICATE_METHOD_MATCH = YES;
				COPY_PHASE_STRIP = NO;
				DEBUG_INFORMATION_FORMAT = dwarf;
				ENABLE_STRICT_OBJC_MSGSEND = YES;
				ENABLE_TESTABILITY = YES;
				GCC_C_LANGUAGE_STANDARD = gnu11;
				GCC_DYNAMIC_NO_PIC = NO;
				GCC_NO_COMMON_BLOCKS = YES;
				GCC_OPTIMIZATION_LEVEL = 0;
				GCC_PREPROCESSOR_DEFINITIONS = (
					"DEBUG=1",
					"$(inherited)",
				);
				GCC_WARN_64_TO_32_BIT_CONVERSION = YES;
				GCC_WARN_ABOUT_RETURN_TYPE = YES_ERROR;
				GCC_WARN_UNDECLARED_SELECTOR = YES;
				GCC_WARN_UNINITIALIZED_AUTOS = YES_AGGRESSIVE;
				GCC_WARN_UNUSED_FUNCTION = YES;
				GCC_WARN_UNUSED_VARIABLE = YES;
				IPHONEOS_DEPLOYMENT_TARGET = 16.2;
				MTL_ENABLE_DEBUG_INFO = INCLUDE_SOURCE;
				MTL_FAST_MATH = YES;
				ONLY_ACTIVE_ARCH = YES;
				SDKROOT = iphoneos;
				SWIFT_ACTIVE_COMPILATION_CONDITIONS = DEBUG;
				SWIFT_OPTIMIZATION_LEVEL = "-Onone";
			};
			name = Debug;
		};
		2A412A19297F0DEE00E33979 /* Release */ = {
			isa = XCBuildConfiguration;
			buildSettings = {
				ALWAYS_SEARCH_USER_PATHS = NO;
				CLANG_ANALYZER_NONNULL = YES;
				CLANG_ANALYZER_NUMBER_OBJECT_CONVERSION = YES_AGGRESSIVE;
				CLANG_CXX_LANGUAGE_STANDARD = "gnu++20";
				CLANG_ENABLE_MODULES = YES;
				CLANG_ENABLE_OBJC_ARC = YES;
				CLANG_ENABLE_OBJC_WEAK = YES;
				CLANG_WARN_BLOCK_CAPTURE_AUTORELEASING = YES;
				CLANG_WARN_BOOL_CONVERSION = YES;
				CLANG_WARN_COMMA = YES;
				CLANG_WARN_CONSTANT_CONVERSION = YES;
				CLANG_WARN_DEPRECATED_OBJC_IMPLEMENTATIONS = YES;
				CLANG_WARN_DIRECT_OBJC_ISA_USAGE = YES_ERROR;
				CLANG_WARN_DOCUMENTATION_COMMENTS = YES;
				CLANG_WARN_EMPTY_BODY = YES;
				CLANG_WARN_ENUM_CONVERSION = YES;
				CLANG_WARN_INFINITE_RECURSION = YES;
				CLANG_WARN_INT_CONVERSION = YES;
				CLANG_WARN_NON_LITERAL_NULL_CONVERSION = YES;
				CLANG_WARN_OBJC_IMPLICIT_RETAIN_SELF = YES;
				CLANG_WARN_OBJC_LITERAL_CONVERSION = YES;
				CLANG_WARN_OBJC_ROOT_CLASS = YES_ERROR;
				CLANG_WARN_QUOTED_INCLUDE_IN_FRAMEWORK_HEADER = YES;
				CLANG_WARN_RANGE_LOOP_ANALYSIS = YES;
				CLANG_WARN_STRICT_PROTOTYPES = YES;
				CLANG_WARN_SUSPICIOUS_MOVE = YES;
				CLANG_WARN_UNGUARDED_AVAILABILITY = YES_AGGRESSIVE;
				CLANG_WARN_UNREACHABLE_CODE = YES;
				CLANG_WARN__DUPLICATE_METHOD_MATCH = YES;
				COPY_PHASE_STRIP = NO;
				DEBUG_INFORMATION_FORMAT = "dwarf-with-dsym";
				ENABLE_NS_ASSERTIONS = NO;
				ENABLE_STRICT_OBJC_MSGSEND = YES;
				GCC_C_LANGUAGE_STANDARD = gnu11;
				GCC_NO_COMMON_BLOCKS = YES;
				GCC_WARN_64_TO_32_BIT_CONVERSION = YES;
				GCC_WARN_ABOUT_RETURN_TYPE = YES_ERROR;
				GCC_WARN_UNDECLARED_SELECTOR = YES;
				GCC_WARN_UNINITIALIZED_AUTOS = YES_AGGRESSIVE;
				GCC_WARN_UNUSED_FUNCTION = YES;
				GCC_WARN_UNUSED_VARIABLE = YES;
				IPHONEOS_DEPLOYMENT_TARGET = 16.2;
				MTL_ENABLE_DEBUG_INFO = NO;
				MTL_FAST_MATH = YES;
				SDKROOT = iphoneos;
				SWIFT_COMPILATION_MODE = wholemodule;
				SWIFT_OPTIMIZATION_LEVEL = "-O";
				VALIDATE_PRODUCT = YES;
			};
			name = Release;
		};
		2A412A1B297F0DEE00E33979 /* Debug */ = {
			isa = XCBuildConfiguration;
			baseConfigurationReference = 6DFD0B89298158E30043A50B /* Debug.xcconfig */;
			buildSettings = {
				ASSETCATALOG_COMPILER_APPICON_NAME = AppIcon;
				ASSETCATALOG_COMPILER_GLOBAL_ACCENT_COLOR_NAME = AccentColor;
				CODE_SIGN_ENTITLEMENTS = BeardGram/BeardGram.entitlements;
				"CODE_SIGN_IDENTITY[sdk=iphoneos*]" = "iPhone Distribution";
				CURRENT_PROJECT_VERSION = 1;
				"DEVELOPMENT_TEAM[sdk=iphoneos*]" = 8MJN994E42;
				GENERATE_INFOPLIST_FILE = YES;
				INFOPLIST_FILE = BeardGram/Info.plist;
				INFOPLIST_KEY_UIApplicationSupportsIndirectInputEvents = YES;
				INFOPLIST_KEY_UILaunchStoryboardName = LaunchScreen;
				INFOPLIST_KEY_UIMainStoryboardFile = Main;
				INFOPLIST_KEY_UISupportedInterfaceOrientations_iPad = "UIInterfaceOrientationPortrait UIInterfaceOrientationPortraitUpsideDown UIInterfaceOrientationLandscapeLeft UIInterfaceOrientationLandscapeRight";
				INFOPLIST_KEY_UISupportedInterfaceOrientations_iPhone = "UIInterfaceOrientationPortrait UIInterfaceOrientationLandscapeLeft UIInterfaceOrientationLandscapeRight";
				LD_RUNPATH_SEARCH_PATHS = (
					"$(inherited)",
					"@executable_path/Frameworks",
				);
				MARKETING_VERSION = 1.0;
				PRODUCT_NAME = "$(TARGET_NAME)";
				"PROVISIONING_PROFILE_SPECIFIER[sdk=iphoneos*]" = PavelSemenchenkoBeardGram;
				SWIFT_EMIT_LOC_STRINGS = YES;
				SWIFT_VERSION = 5.0;
				TARGETED_DEVICE_FAMILY = "1,2";
			};
			name = Debug;
		};
		2A412A1C297F0DEE00E33979 /* Release */ = {
			isa = XCBuildConfiguration;
			baseConfigurationReference = 6DFD0B8A298158EE0043A50B /* Release.xcconfig */;
			buildSettings = {
				ASSETCATALOG_COMPILER_APPICON_NAME = AppIcon;
				ASSETCATALOG_COMPILER_GLOBAL_ACCENT_COLOR_NAME = AccentColor;
				CODE_SIGN_ENTITLEMENTS = BeardGram/BeardGram.entitlements;
				CURRENT_PROJECT_VERSION = 1;
				GENERATE_INFOPLIST_FILE = YES;
				INFOPLIST_FILE = BeardGram/Info.plist;
				INFOPLIST_KEY_UIApplicationSupportsIndirectInputEvents = YES;
				INFOPLIST_KEY_UILaunchStoryboardName = LaunchScreen;
				INFOPLIST_KEY_UIMainStoryboardFile = Main;
				INFOPLIST_KEY_UISupportedInterfaceOrientations_iPad = "UIInterfaceOrientationPortrait UIInterfaceOrientationPortraitUpsideDown UIInterfaceOrientationLandscapeLeft UIInterfaceOrientationLandscapeRight";
				INFOPLIST_KEY_UISupportedInterfaceOrientations_iPhone = "UIInterfaceOrientationPortrait UIInterfaceOrientationLandscapeLeft UIInterfaceOrientationLandscapeRight";
				LD_RUNPATH_SEARCH_PATHS = (
					"$(inherited)",
					"@executable_path/Frameworks",
				);
				MARKETING_VERSION = 1.0;
				PRODUCT_NAME = "$(TARGET_NAME)";
				SWIFT_EMIT_LOC_STRINGS = YES;
				SWIFT_VERSION = 5.0;
				TARGETED_DEVICE_FAMILY = "1,2";
			};
			name = Release;
		};
		2A412A1E297F0DEE00E33979 /* Debug */ = {
			isa = XCBuildConfiguration;
			baseConfigurationReference = A9220F9BD21BA82248821E49 /* Pods-BeardGramTests.debug.xcconfig */;
			buildSettings = {
				ALWAYS_EMBED_SWIFT_STANDARD_LIBRARIES = YES;
				BUNDLE_LOADER = "$(TEST_HOST)";
				CODE_SIGN_STYLE = Automatic;
				CURRENT_PROJECT_VERSION = 1;
				DEVELOPMENT_TEAM = 7328NRHXBW;
				GENERATE_INFOPLIST_FILE = YES;
				IPHONEOS_DEPLOYMENT_TARGET = 16.2;
				MARKETING_VERSION = 1.0;
				PRODUCT_BUNDLE_IDENTIFIER = PavelSemenchenko.BeardGramTests;
				PRODUCT_NAME = "$(TARGET_NAME)";
				SWIFT_EMIT_LOC_STRINGS = NO;
				SWIFT_VERSION = 5.0;
				TARGETED_DEVICE_FAMILY = "1,2";
				TEST_HOST = "$(BUILT_PRODUCTS_DIR)/BeardGram.app/$(BUNDLE_EXECUTABLE_FOLDER_PATH)/BeardGram";
			};
			name = Debug;
		};
		2A412A1F297F0DEE00E33979 /* Release */ = {
			isa = XCBuildConfiguration;
			baseConfigurationReference = 9A06E6C6619D894C3E220DFA /* Pods-BeardGramTests.release.xcconfig */;
			buildSettings = {
				ALWAYS_EMBED_SWIFT_STANDARD_LIBRARIES = YES;
				BUNDLE_LOADER = "$(TEST_HOST)";
				CODE_SIGN_STYLE = Automatic;
				CURRENT_PROJECT_VERSION = 1;
				DEVELOPMENT_TEAM = 7328NRHXBW;
				GENERATE_INFOPLIST_FILE = YES;
				IPHONEOS_DEPLOYMENT_TARGET = 16.2;
				MARKETING_VERSION = 1.0;
				PRODUCT_BUNDLE_IDENTIFIER = PavelSemenchenko.BeardGramTests;
				PRODUCT_NAME = "$(TARGET_NAME)";
				SWIFT_EMIT_LOC_STRINGS = NO;
				SWIFT_VERSION = 5.0;
				TARGETED_DEVICE_FAMILY = "1,2";
				TEST_HOST = "$(BUILT_PRODUCTS_DIR)/BeardGram.app/$(BUNDLE_EXECUTABLE_FOLDER_PATH)/BeardGram";
			};
			name = Release;
		};
		2A412A21297F0DEE00E33979 /* Debug */ = {
			isa = XCBuildConfiguration;
			baseConfigurationReference = 300AA92962871EFCC074AB2B /* Pods-BeardGram-BeardGramUITests.debug.xcconfig */;
			buildSettings = {
				ALWAYS_EMBED_SWIFT_STANDARD_LIBRARIES = YES;
				CODE_SIGN_STYLE = Automatic;
				CURRENT_PROJECT_VERSION = 1;
				DEVELOPMENT_TEAM = 7328NRHXBW;
				GENERATE_INFOPLIST_FILE = YES;
				MARKETING_VERSION = 1.0;
				PRODUCT_BUNDLE_IDENTIFIER = PavelSemenchenko.BeardGramUITests;
				PRODUCT_NAME = "$(TARGET_NAME)";
				SWIFT_EMIT_LOC_STRINGS = NO;
				SWIFT_VERSION = 5.0;
				TARGETED_DEVICE_FAMILY = "1,2";
				TEST_TARGET_NAME = BeardGram;
			};
			name = Debug;
		};
		2A412A22297F0DEE00E33979 /* Release */ = {
			isa = XCBuildConfiguration;
			baseConfigurationReference = 350D17508D50991D045A56D9 /* Pods-BeardGram-BeardGramUITests.release.xcconfig */;
			buildSettings = {
				ALWAYS_EMBED_SWIFT_STANDARD_LIBRARIES = YES;
				CODE_SIGN_STYLE = Automatic;
				CURRENT_PROJECT_VERSION = 1;
				DEVELOPMENT_TEAM = 7328NRHXBW;
				GENERATE_INFOPLIST_FILE = YES;
				MARKETING_VERSION = 1.0;
				PRODUCT_BUNDLE_IDENTIFIER = PavelSemenchenko.BeardGramUITests;
				PRODUCT_NAME = "$(TARGET_NAME)";
				SWIFT_EMIT_LOC_STRINGS = NO;
				SWIFT_VERSION = 5.0;
				TARGETED_DEVICE_FAMILY = "1,2";
				TEST_TARGET_NAME = BeardGram;
			};
			name = Release;
		};
/* End XCBuildConfiguration section */

/* Begin XCConfigurationList section */
		2A4129EB297F0DEC00E33979 /* Build configuration list for PBXProject "BeardGram" */ = {
			isa = XCConfigurationList;
			buildConfigurations = (
				2A412A18297F0DEE00E33979 /* Debug */,
				2A412A19297F0DEE00E33979 /* Release */,
			);
			defaultConfigurationIsVisible = 0;
			defaultConfigurationName = Release;
		};
		2A412A1A297F0DEE00E33979 /* Build configuration list for PBXNativeTarget "BeardGram" */ = {
			isa = XCConfigurationList;
			buildConfigurations = (
				2A412A1B297F0DEE00E33979 /* Debug */,
				2A412A1C297F0DEE00E33979 /* Release */,
			);
			defaultConfigurationIsVisible = 0;
			defaultConfigurationName = Release;
		};
		2A412A1D297F0DEE00E33979 /* Build configuration list for PBXNativeTarget "BeardGramTests" */ = {
			isa = XCConfigurationList;
			buildConfigurations = (
				2A412A1E297F0DEE00E33979 /* Debug */,
				2A412A1F297F0DEE00E33979 /* Release */,
			);
			defaultConfigurationIsVisible = 0;
			defaultConfigurationName = Release;
		};
		2A412A20297F0DEE00E33979 /* Build configuration list for PBXNativeTarget "BeardGramUITests" */ = {
			isa = XCConfigurationList;
			buildConfigurations = (
				2A412A21297F0DEE00E33979 /* Debug */,
				2A412A22297F0DEE00E33979 /* Release */,
			);
			defaultConfigurationIsVisible = 0;
			defaultConfigurationName = Release;
		};
/* End XCConfigurationList section */

/* Begin XCRemoteSwiftPackageReference section */
		2A1DDCDB2981D2DE00CA194F /* XCRemoteSwiftPackageReference "FlagPhoneNumber.git" */ = {
			isa = XCRemoteSwiftPackageReference;
			repositoryURL = "git@github.com:chronotruck/FlagPhoneNumber.git";
			requirement = {
				kind = upToNextMajorVersion;
				minimumVersion = 0.8.0;
			};
		};
		2A412A2D297F2B9700E33979 /* XCRemoteSwiftPackageReference "firebase-ios-sdk" */ = {
			isa = XCRemoteSwiftPackageReference;
			repositoryURL = "https://github.com/firebase/firebase-ios-sdk";
			requirement = {
				kind = upToNextMajorVersion;
				minimumVersion = 9.0.0;
			};
		};
/* End XCRemoteSwiftPackageReference section */

/* Begin XCSwiftPackageProductDependency section */
		2A412A2E297F2B9700E33979 /* FirebaseAnalytics */ = {
			isa = XCSwiftPackageProductDependency;
			package = 2A412A2D297F2B9700E33979 /* XCRemoteSwiftPackageReference "firebase-ios-sdk" */;
			productName = FirebaseAnalytics;
		};
		2A412A30297F2B9700E33979 /* FirebaseAnalyticsOnDeviceConversion */ = {
			isa = XCSwiftPackageProductDependency;
			package = 2A412A2D297F2B9700E33979 /* XCRemoteSwiftPackageReference "firebase-ios-sdk" */;
			productName = FirebaseAnalyticsOnDeviceConversion;
		};
		2A412A32297F2B9700E33979 /* FirebaseAnalyticsSwift */ = {
			isa = XCSwiftPackageProductDependency;
			package = 2A412A2D297F2B9700E33979 /* XCRemoteSwiftPackageReference "firebase-ios-sdk" */;
			productName = FirebaseAnalyticsSwift;
		};
		2A412A34297F2B9700E33979 /* FirebaseAnalyticsWithoutAdIdSupport */ = {
			isa = XCSwiftPackageProductDependency;
			package = 2A412A2D297F2B9700E33979 /* XCRemoteSwiftPackageReference "firebase-ios-sdk" */;
			productName = FirebaseAnalyticsWithoutAdIdSupport;
		};
		2A412A36297F2B9700E33979 /* FirebaseAppCheck */ = {
			isa = XCSwiftPackageProductDependency;
			package = 2A412A2D297F2B9700E33979 /* XCRemoteSwiftPackageReference "firebase-ios-sdk" */;
			productName = FirebaseAppCheck;
		};
		2A412A38297F2B9700E33979 /* FirebaseAppDistribution-Beta */ = {
			isa = XCSwiftPackageProductDependency;
			package = 2A412A2D297F2B9700E33979 /* XCRemoteSwiftPackageReference "firebase-ios-sdk" */;
			productName = "FirebaseAppDistribution-Beta";
		};
		2A412A3A297F2B9700E33979 /* FirebaseAuth */ = {
			isa = XCSwiftPackageProductDependency;
			package = 2A412A2D297F2B9700E33979 /* XCRemoteSwiftPackageReference "firebase-ios-sdk" */;
			productName = FirebaseAuth;
		};
		2A412A3C297F2B9700E33979 /* FirebaseAuthCombine-Community */ = {
			isa = XCSwiftPackageProductDependency;
			package = 2A412A2D297F2B9700E33979 /* XCRemoteSwiftPackageReference "firebase-ios-sdk" */;
			productName = "FirebaseAuthCombine-Community";
		};
		2A412A3E297F2B9700E33979 /* FirebaseCrashlytics */ = {
			isa = XCSwiftPackageProductDependency;
			package = 2A412A2D297F2B9700E33979 /* XCRemoteSwiftPackageReference "firebase-ios-sdk" */;
			productName = FirebaseCrashlytics;
		};
		2A412A40297F2B9700E33979 /* FirebaseDatabase */ = {
			isa = XCSwiftPackageProductDependency;
			package = 2A412A2D297F2B9700E33979 /* XCRemoteSwiftPackageReference "firebase-ios-sdk" */;
			productName = FirebaseDatabase;
		};
		2A412A42297F2B9700E33979 /* FirebaseDatabaseSwift */ = {
			isa = XCSwiftPackageProductDependency;
			package = 2A412A2D297F2B9700E33979 /* XCRemoteSwiftPackageReference "firebase-ios-sdk" */;
			productName = FirebaseDatabaseSwift;
		};
		2A412A44297F2B9700E33979 /* FirebaseDynamicLinks */ = {
			isa = XCSwiftPackageProductDependency;
			package = 2A412A2D297F2B9700E33979 /* XCRemoteSwiftPackageReference "firebase-ios-sdk" */;
			productName = FirebaseDynamicLinks;
		};
		2A412A46297F2B9700E33979 /* FirebaseFirestore */ = {
			isa = XCSwiftPackageProductDependency;
			package = 2A412A2D297F2B9700E33979 /* XCRemoteSwiftPackageReference "firebase-ios-sdk" */;
			productName = FirebaseFirestore;
		};
		2A412A48297F2B9700E33979 /* FirebaseFirestoreCombine-Community */ = {
			isa = XCSwiftPackageProductDependency;
			package = 2A412A2D297F2B9700E33979 /* XCRemoteSwiftPackageReference "firebase-ios-sdk" */;
			productName = "FirebaseFirestoreCombine-Community";
		};
		2A412A4A297F2B9700E33979 /* FirebaseFirestoreSwift */ = {
			isa = XCSwiftPackageProductDependency;
			package = 2A412A2D297F2B9700E33979 /* XCRemoteSwiftPackageReference "firebase-ios-sdk" */;
			productName = FirebaseFirestoreSwift;
		};
		2A412A4C297F2B9700E33979 /* FirebaseFunctions */ = {
			isa = XCSwiftPackageProductDependency;
			package = 2A412A2D297F2B9700E33979 /* XCRemoteSwiftPackageReference "firebase-ios-sdk" */;
			productName = FirebaseFunctions;
		};
		2A412A4E297F2B9700E33979 /* FirebaseFunctionsCombine-Community */ = {
			isa = XCSwiftPackageProductDependency;
			package = 2A412A2D297F2B9700E33979 /* XCRemoteSwiftPackageReference "firebase-ios-sdk" */;
			productName = "FirebaseFunctionsCombine-Community";
		};
		2A412A50297F2B9700E33979 /* FirebaseInAppMessaging-Beta */ = {
			isa = XCSwiftPackageProductDependency;
			package = 2A412A2D297F2B9700E33979 /* XCRemoteSwiftPackageReference "firebase-ios-sdk" */;
			productName = "FirebaseInAppMessaging-Beta";
		};
		2A412A52297F2B9800E33979 /* FirebaseInAppMessagingSwift-Beta */ = {
			isa = XCSwiftPackageProductDependency;
			package = 2A412A2D297F2B9700E33979 /* XCRemoteSwiftPackageReference "firebase-ios-sdk" */;
			productName = "FirebaseInAppMessagingSwift-Beta";
		};
		2A412A54297F2B9800E33979 /* FirebaseInstallations */ = {
			isa = XCSwiftPackageProductDependency;
			package = 2A412A2D297F2B9700E33979 /* XCRemoteSwiftPackageReference "firebase-ios-sdk" */;
			productName = FirebaseInstallations;
		};
		2A412A56297F2B9800E33979 /* FirebaseMLModelDownloader */ = {
			isa = XCSwiftPackageProductDependency;
			package = 2A412A2D297F2B9700E33979 /* XCRemoteSwiftPackageReference "firebase-ios-sdk" */;
			productName = FirebaseMLModelDownloader;
		};
		2A412A58297F2B9800E33979 /* FirebaseMessaging */ = {
			isa = XCSwiftPackageProductDependency;
			package = 2A412A2D297F2B9700E33979 /* XCRemoteSwiftPackageReference "firebase-ios-sdk" */;
			productName = FirebaseMessaging;
		};
		2A412A5A297F2B9800E33979 /* FirebasePerformance */ = {
			isa = XCSwiftPackageProductDependency;
			package = 2A412A2D297F2B9700E33979 /* XCRemoteSwiftPackageReference "firebase-ios-sdk" */;
			productName = FirebasePerformance;
		};
		2A412A5C297F2B9800E33979 /* FirebaseRemoteConfig */ = {
			isa = XCSwiftPackageProductDependency;
			package = 2A412A2D297F2B9700E33979 /* XCRemoteSwiftPackageReference "firebase-ios-sdk" */;
			productName = FirebaseRemoteConfig;
		};
		2A412A5E297F2B9800E33979 /* FirebaseRemoteConfigSwift */ = {
			isa = XCSwiftPackageProductDependency;
			package = 2A412A2D297F2B9700E33979 /* XCRemoteSwiftPackageReference "firebase-ios-sdk" */;
			productName = FirebaseRemoteConfigSwift;
		};
		2A412A60297F2B9800E33979 /* FirebaseStorage */ = {
			isa = XCSwiftPackageProductDependency;
			package = 2A412A2D297F2B9700E33979 /* XCRemoteSwiftPackageReference "firebase-ios-sdk" */;
			productName = FirebaseStorage;
		};
		2A412A62297F2B9800E33979 /* FirebaseStorageCombine-Community */ = {
			isa = XCSwiftPackageProductDependency;
			package = 2A412A2D297F2B9700E33979 /* XCRemoteSwiftPackageReference "firebase-ios-sdk" */;
			productName = "FirebaseStorageCombine-Community";
		};
/* End XCSwiftPackageProductDependency section */
	};
	rootObject = 2A4129E8297F0DEC00E33979 /* Project object */;
}
